// !$*UTF8*$!
{
	archiveVersion = 1;
	classes = {
	};
	objectVersion = 55;
	objects = {

/* Begin PBXBuildFile section */
		0AF3A8FA2144C35BA6D3BF6A /* Pods_ProyectoComanda.framework in Frameworks */ = {isa = PBXBuildFile; fileRef = 7021FE36831A8CE0BE18007D /* Pods_ProyectoComanda.framework */; };
		4E16DD042AE733F5004A505A /* MetodoPagoTableViewCell.swift in Sources */ = {isa = PBXBuildFile; fileRef = 4E16DD032AE733F5004A505A /* MetodoPagoTableViewCell.swift */; };
		4E16DD072AE73556004A505A /* ProyectoComanda.xcdatamodeld in Sources */ = {isa = PBXBuildFile; fileRef = 4E16DD052AE73556004A505A /* ProyectoComanda.xcdatamodeld */; };
		4E16DD0F2AE73740004A505A /* MetodoPagoService.swift in Sources */ = {isa = PBXBuildFile; fileRef = 4E16DD0E2AE73740004A505A /* MetodoPagoService.swift */; };
		4E5465922AE06DAD00492ADC /* CajaReporteViewController.swift in Sources */ = {isa = PBXBuildFile; fileRef = 4E5465912AE06DAD00492ADC /* CajaReporteViewController.swift */; };
		4E5465942AE06DDD00492ADC /* FacturarViewController.swift in Sources */ = {isa = PBXBuildFile; fileRef = 4E5465932AE06DDD00492ADC /* FacturarViewController.swift */; };
		4E54740E2AC8825400BB0BD6 /* AppDelegate.swift in Sources */ = {isa = PBXBuildFile; fileRef = 4E54740D2AC8825400BB0BD6 /* AppDelegate.swift */; };
		4E5474102AC8825400BB0BD6 /* SceneDelegate.swift in Sources */ = {isa = PBXBuildFile; fileRef = 4E54740F2AC8825400BB0BD6 /* SceneDelegate.swift */; };
		4E5474122AC8825400BB0BD6 /* ViewController.swift in Sources */ = {isa = PBXBuildFile; fileRef = 4E5474112AC8825400BB0BD6 /* ViewController.swift */; };
		4E5474152AC8825400BB0BD6 /* Main.storyboard in Resources */ = {isa = PBXBuildFile; fileRef = 4E5474132AC8825400BB0BD6 /* Main.storyboard */; };
		4E5474172AC8825700BB0BD6 /* Assets.xcassets in Resources */ = {isa = PBXBuildFile; fileRef = 4E5474162AC8825700BB0BD6 /* Assets.xcassets */; };
		4E54741A2AC8825700BB0BD6 /* LaunchScreen.storyboard in Resources */ = {isa = PBXBuildFile; fileRef = 4E5474182AC8825700BB0BD6 /* LaunchScreen.storyboard */; };
		4E5474252AC8825700BB0BD6 /* ProyectoComandaTests.swift in Sources */ = {isa = PBXBuildFile; fileRef = 4E5474242AC8825700BB0BD6 /* ProyectoComandaTests.swift */; };
		4E54742F2AC8825800BB0BD6 /* ProyectoComandaUITests.swift in Sources */ = {isa = PBXBuildFile; fileRef = 4E54742E2AC8825800BB0BD6 /* ProyectoComandaUITests.swift */; };
		4E5474312AC8825800BB0BD6 /* ProyectoComandaUITestsLaunchTests.swift in Sources */ = {isa = PBXBuildFile; fileRef = 4E5474302AC8825800BB0BD6 /* ProyectoComandaUITestsLaunchTests.swift */; };
		4E54743F2AC88C5900BB0BD6 /* EstablecimientoViewController.swift in Sources */ = {isa = PBXBuildFile; fileRef = 4E54743E2AC88C5900BB0BD6 /* EstablecimientoViewController.swift */; };
		4E5474412AC88C7100BB0BD6 /* MetodosPagoListadoViewController.swift in Sources */ = {isa = PBXBuildFile; fileRef = 4E5474402AC88C7100BB0BD6 /* MetodosPagoListadoViewController.swift */; };
		4E5474432AC88C8600BB0BD6 /* MetodosPagoAgregarViewController.swift in Sources */ = {isa = PBXBuildFile; fileRef = 4E5474422AC88C8600BB0BD6 /* MetodosPagoAgregarViewController.swift */; };
		4E5474452AC88C9B00BB0BD6 /* MetodosPagoActualizarViewController.swift in Sources */ = {isa = PBXBuildFile; fileRef = 4E5474442AC88C9B00BB0BD6 /* MetodosPagoActualizarViewController.swift */; };
		4E55C9822AFA7BBD00114487 /* EmpleadoActualizarViewController.swift in Sources */ = {isa = PBXBuildFile; fileRef = 4E55C9812AFA7BBD00114487 /* EmpleadoActualizarViewController.swift */; };
		4E56C4502AF5DC4100B414D7 /* EmpleadoDTO.swift in Sources */ = {isa = PBXBuildFile; fileRef = 4E56C44F2AF5DC4100B414D7 /* EmpleadoDTO.swift */; };
		4E56C4522AF5DC4E00B414D7 /* UsuarioDTO.swift in Sources */ = {isa = PBXBuildFile; fileRef = 4E56C4512AF5DC4E00B414D7 /* UsuarioDTO.swift */; };
		4E56C46F2AF5DDE400B414D7 /* Cargo+CoreDataClass.swift in Sources */ = {isa = PBXBuildFile; fileRef = 4E56C4552AF5DDE400B414D7 /* Cargo+CoreDataClass.swift */; };
		4E56C4702AF5DDE400B414D7 /* Cargo+CoreDataProperties.swift in Sources */ = {isa = PBXBuildFile; fileRef = 4E56C4562AF5DDE400B414D7 /* Cargo+CoreDataProperties.swift */; };
		4E56C4712AF5DDE400B414D7 /* MetodoPago+CoreDataClass.swift in Sources */ = {isa = PBXBuildFile; fileRef = 4E56C4572AF5DDE400B414D7 /* MetodoPago+CoreDataClass.swift */; };
		4E56C4722AF5DDE400B414D7 /* MetodoPago+CoreDataProperties.swift in Sources */ = {isa = PBXBuildFile; fileRef = 4E56C4582AF5DDE400B414D7 /* MetodoPago+CoreDataProperties.swift */; };
		4E56C4732AF5DDE400B414D7 /* Empleado+CoreDataClass.swift in Sources */ = {isa = PBXBuildFile; fileRef = 4E56C4592AF5DDE400B414D7 /* Empleado+CoreDataClass.swift */; };
		4E56C4742AF5DDE400B414D7 /* Empleado+CoreDataProperties.swift in Sources */ = {isa = PBXBuildFile; fileRef = 4E56C45A2AF5DDE400B414D7 /* Empleado+CoreDataProperties.swift */; };
		4E56C4752AF5DDE400B414D7 /* TipoComprobante+CoreDataClass.swift in Sources */ = {isa = PBXBuildFile; fileRef = 4E56C45B2AF5DDE400B414D7 /* TipoComprobante+CoreDataClass.swift */; };
		4E56C4762AF5DDE400B414D7 /* TipoComprobante+CoreDataProperties.swift in Sources */ = {isa = PBXBuildFile; fileRef = 4E56C45C2AF5DDE400B414D7 /* TipoComprobante+CoreDataProperties.swift */; };
		4E56C4772AF5DDE400B414D7 /* Usuario+CoreDataClass.swift in Sources */ = {isa = PBXBuildFile; fileRef = 4E56C45D2AF5DDE400B414D7 /* Usuario+CoreDataClass.swift */; };
		4E56C4782AF5DDE400B414D7 /* Usuario+CoreDataProperties.swift in Sources */ = {isa = PBXBuildFile; fileRef = 4E56C45E2AF5DDE400B414D7 /* Usuario+CoreDataProperties.swift */; };
		4E56C47D2AF5DDE400B414D7 /* Mesa+CoreDataClass.swift in Sources */ = {isa = PBXBuildFile; fileRef = 4E56C4632AF5DDE400B414D7 /* Mesa+CoreDataClass.swift */; };
		4E56C47E2AF5DDE400B414D7 /* Mesa+CoreDataProperties.swift in Sources */ = {isa = PBXBuildFile; fileRef = 4E56C4642AF5DDE400B414D7 /* Mesa+CoreDataProperties.swift */; };
		4E56C47F2AF5DDE400B414D7 /* Comprobante+CoreDataClass.swift in Sources */ = {isa = PBXBuildFile; fileRef = 4E56C4652AF5DDE400B414D7 /* Comprobante+CoreDataClass.swift */; };
		4E56C4802AF5DDE400B414D7 /* Comprobante+CoreDataProperties.swift in Sources */ = {isa = PBXBuildFile; fileRef = 4E56C4662AF5DDE400B414D7 /* Comprobante+CoreDataProperties.swift */; };
		4E56C4812AF5DDE400B414D7 /* EstadoComanda+CoreDataClass.swift in Sources */ = {isa = PBXBuildFile; fileRef = 4E56C4672AF5DDE400B414D7 /* EstadoComanda+CoreDataClass.swift */; };
		4E56C4822AF5DDE400B414D7 /* EstadoComanda+CoreDataProperties.swift in Sources */ = {isa = PBXBuildFile; fileRef = 4E56C4682AF5DDE400B414D7 /* EstadoComanda+CoreDataProperties.swift */; };
		4E56C4832AF5DDE400B414D7 /* Plato+CoreDataClass.swift in Sources */ = {isa = PBXBuildFile; fileRef = 4E56C4692AF5DDE400B414D7 /* Plato+CoreDataClass.swift */; };
		4E56C4842AF5DDE400B414D7 /* Plato+CoreDataProperties.swift in Sources */ = {isa = PBXBuildFile; fileRef = 4E56C46A2AF5DDE400B414D7 /* Plato+CoreDataProperties.swift */; };
		4E56C4852AF5DDE400B414D7 /* Caja+CoreDataClass.swift in Sources */ = {isa = PBXBuildFile; fileRef = 4E56C46B2AF5DDE400B414D7 /* Caja+CoreDataClass.swift */; };
		4E56C4862AF5DDE400B414D7 /* Caja+CoreDataProperties.swift in Sources */ = {isa = PBXBuildFile; fileRef = 4E56C46C2AF5DDE400B414D7 /* Caja+CoreDataProperties.swift */; };
		4E56C4882AF5DEE100B414D7 /* TipoComprobanteService.swift in Sources */ = {isa = PBXBuildFile; fileRef = 4E56C4872AF5DEE100B414D7 /* TipoComprobanteService.swift */; };
		4E5A84302AE9CA1E002EE753 /* CategoriaPlatoDTO.swift in Sources */ = {isa = PBXBuildFile; fileRef = 4E5A842F2AE9CA1E002EE753 /* CategoriaPlatoDTO.swift */; };
		4E5A84322AE9CA2B002EE753 /* PlatoDTO.swift in Sources */ = {isa = PBXBuildFile; fileRef = 4E5A84312AE9CA2B002EE753 /* PlatoDTO.swift */; };
		4E5A84342AE9CA91002EE753 /* CategoriaService.swift in Sources */ = {isa = PBXBuildFile; fileRef = 4E5A84332AE9CA91002EE753 /* CategoriaService.swift */; };
		4E5A84362AE9CAA1002EE753 /* PlatoService.swift in Sources */ = {isa = PBXBuildFile; fileRef = 4E5A84352AE9CAA1002EE753 /* PlatoService.swift */; };
		4E5A843D2AE9CB4D002EE753 /* CategoriaPlato+CoreDataClass.swift in Sources */ = {isa = PBXBuildFile; fileRef = 4E5A84392AE9CB4D002EE753 /* CategoriaPlato+CoreDataClass.swift */; };
		4E5A843E2AE9CB4D002EE753 /* CategoriaPlato+CoreDataProperties.swift in Sources */ = {isa = PBXBuildFile; fileRef = 4E5A843A2AE9CB4D002EE753 /* CategoriaPlato+CoreDataProperties.swift */; };
		4E5A84402AE9CD38002EE753 /* CategoriaPlatoTableViewCell.swift in Sources */ = {isa = PBXBuildFile; fileRef = 4E5A843F2AE9CD38002EE753 /* CategoriaPlatoTableViewCell.swift */; };
		4E5A84422AE9CD79002EE753 /* PlatoTableViewCell.swift in Sources */ = {isa = PBXBuildFile; fileRef = 4E5A84412AE9CD79002EE753 /* PlatoTableViewCell.swift */; };
		4E6953C32AF6E85000511B25 /* EstablecimientoService.swift in Sources */ = {isa = PBXBuildFile; fileRef = 4E6953C22AF6E85000511B25 /* EstablecimientoService.swift */; };
		4E6953C62AF6EB9700511B25 /* Establecimiento+CoreDataClass.swift in Sources */ = {isa = PBXBuildFile; fileRef = 4E6953C42AF6EB9700511B25 /* Establecimiento+CoreDataClass.swift */; };
		4E6953C72AF6EB9700511B25 /* Establecimiento+CoreDataProperties.swift in Sources */ = {isa = PBXBuildFile; fileRef = 4E6953C52AF6EB9700511B25 /* Establecimiento+CoreDataProperties.swift */; };
		4E6953C92AF6F4E200511B25 /* CargoService.swift in Sources */ = {isa = PBXBuildFile; fileRef = 4E6953C82AF6F4E200511B25 /* CargoService.swift */; };
		4E6953CB2AF6F4F100511B25 /* EmpleadoService.swift in Sources */ = {isa = PBXBuildFile; fileRef = 4E6953CA2AF6F4F100511B25 /* EmpleadoService.swift */; };
		4E6953CD2AF6F4FF00511B25 /* UsuarioService.swift in Sources */ = {isa = PBXBuildFile; fileRef = 4E6953CC2AF6F4FF00511B25 /* UsuarioService.swift */; };
		4E6953CF2AF6F51F00511B25 /* EstadoComandaService.swift in Sources */ = {isa = PBXBuildFile; fileRef = 4E6953CE2AF6F51F00511B25 /* EstadoComandaService.swift */; };
		4E6953D22AF701A100511B25 /* EmpleadoTableViewCell.swift in Sources */ = {isa = PBXBuildFile; fileRef = 4E6953D12AF701A100511B25 /* EmpleadoTableViewCell.swift */; };
		4E6953D42AF701B300511B25 /* MesaTableViewCell.swift in Sources */ = {isa = PBXBuildFile; fileRef = 4E6953D32AF701B300511B25 /* MesaTableViewCell.swift */; };
		4E6C960E2B1BB07100748072 /* DetalleComanda+CoreDataClass.swift in Sources */ = {isa = PBXBuildFile; fileRef = 4E6C960C2B1BB07100748072 /* DetalleComanda+CoreDataClass.swift */; };
		4E6C960F2B1BB07100748072 /* DetalleComanda+CoreDataProperties.swift in Sources */ = {isa = PBXBuildFile; fileRef = 4E6C960D2B1BB07100748072 /* DetalleComanda+CoreDataProperties.swift */; };
		4E6C96122B1BB0CD00748072 /* Comanda+CoreDataClass.swift in Sources */ = {isa = PBXBuildFile; fileRef = 4E6C96102B1BB0CD00748072 /* Comanda+CoreDataClass.swift */; };
		4E6C96132B1BB0CD00748072 /* Comanda+CoreDataProperties.swift in Sources */ = {isa = PBXBuildFile; fileRef = 4E6C96112B1BB0CD00748072 /* Comanda+CoreDataProperties.swift */; };
		4E6C96182B1BB21B00748072 /* ComprobanteDTORest.swift in Sources */ = {isa = PBXBuildFile; fileRef = 4E6C96172B1BB21B00748072 /* ComprobanteDTORest.swift */; };
		4E6C961A2B1BB2B300748072 /* TipoComprobanteDTO.swift in Sources */ = {isa = PBXBuildFile; fileRef = 4E6C96192B1BB2B300748072 /* TipoComprobanteDTO.swift */; };
		4E6C961C2B1BB32D00748072 /* CajaDTO.swift in Sources */ = {isa = PBXBuildFile; fileRef = 4E6C961B2B1BB32D00748072 /* CajaDTO.swift */; };
		4E6C961E2B1BC07100748072 /* ComandaDTORest.swift in Sources */ = {isa = PBXBuildFile; fileRef = 4E6C961D2B1BC07100748072 /* ComandaDTORest.swift */; };
		4E6C96202B1BC68800748072 /* GoogleService-Info.plist in Resources */ = {isa = PBXBuildFile; fileRef = 4E6C961F2B1BC68800748072 /* GoogleService-Info.plist */; };
		4E6CDCC82B004E470064D8B1 /* MesaService.swift in Sources */ = {isa = PBXBuildFile; fileRef = 4E6CDCC72B004E470064D8B1 /* MesaService.swift */; };
		4E6CDCCA2B004EAE0064D8B1 /* MesaDTO.swift in Sources */ = {isa = PBXBuildFile; fileRef = 4E6CDCC92B004EAE0064D8B1 /* MesaDTO.swift */; };
		4E6CDCCD2B0050980064D8B1 /* MesaServiceRest.swift in Sources */ = {isa = PBXBuildFile; fileRef = 4E6CDCCC2B0050980064D8B1 /* MesaServiceRest.swift */; };
		4E6D7EBD2B0074D00094819D /* EstablecimientoServiceRest.swift in Sources */ = {isa = PBXBuildFile; fileRef = 4E6D7EBC2B0074D00094819D /* EstablecimientoServiceRest.swift */; };
		4E6D7EBF2B0074F90094819D /* EstablecimientoDTO.swift in Sources */ = {isa = PBXBuildFile; fileRef = 4E6D7EBE2B0074F90094819D /* EstablecimientoDTO.swift */; };
		4E6D7EC12B0078AE0094819D /* CajaService.swift in Sources */ = {isa = PBXBuildFile; fileRef = 4E6D7EC02B0078AE0094819D /* CajaService.swift */; };
		4E6DF02E2AE73FED00DE7D52 /* MetodoPagoDTO.swift in Sources */ = {isa = PBXBuildFile; fileRef = 4E6DF02D2AE73FED00DE7D52 /* MetodoPagoDTO.swift */; };
		626E1686243978E337FAA11B /* Pods_ProyectoComandaTests.framework in Frameworks */ = {isa = PBXBuildFile; fileRef = 22B2BF22B606D334B91E6481 /* Pods_ProyectoComandaTests.framework */; };
		75A25C99E2567FECEACA7638 /* Pods_ProyectoComanda_ProyectoComandaUITests.framework in Frameworks */ = {isa = PBXBuildFile; fileRef = B7F71E62D5893383634042FD /* Pods_ProyectoComanda_ProyectoComandaUITests.framework */; };
		9E684AAB2AFE85CC00E33029 /* PlatoDTOREST.swift in Sources */ = {isa = PBXBuildFile; fileRef = 9E684AAA2AFE85CC00E33029 /* PlatoDTOREST.swift */; };
		9E684AAD2AFE865900E33029 /* PlatoServiceRest.swift in Sources */ = {isa = PBXBuildFile; fileRef = 9E684AAC2AFE865900E33029 /* PlatoServiceRest.swift */; };
		9E6C79832ACD279F002C1E5A /* PrincipalViewController.swift in Sources */ = {isa = PBXBuildFile; fileRef = 9E6C79822ACD279F002C1E5A /* PrincipalViewController.swift */; };
		9E6C79852ACD27EF002C1E5A /* ConfiguracionViewController.swift in Sources */ = {isa = PBXBuildFile; fileRef = 9E6C79842ACD27EF002C1E5A /* ConfiguracionViewController.swift */; };
		9E6E53482B1027F1004B7590 /* RegistrarComandaViewController.swift in Sources */ = {isa = PBXBuildFile; fileRef = 9E6E53472B1027F1004B7590 /* RegistrarComandaViewController.swift */; };
		9E6E534A2B10280C004B7590 /* ListarComandaViewController.swift in Sources */ = {isa = PBXBuildFile; fileRef = 9E6E53492B10280C004B7590 /* ListarComandaViewController.swift */; };
		9E6E534C2B102840004B7590 /* ComandaTableViewCell.swift in Sources */ = {isa = PBXBuildFile; fileRef = 9E6E534B2B102840004B7590 /* ComandaTableViewCell.swift */; };
		9E6E534E2B102CFD004B7590 /* ComandaDTO.swift in Sources */ = {isa = PBXBuildFile; fileRef = 9E6E534D2B102CFD004B7590 /* ComandaDTO.swift */; };
		9E6E53502B102DDE004B7590 /* ComprobanteDTO.swift in Sources */ = {isa = PBXBuildFile; fileRef = 9E6E534F2B102DDE004B7590 /* ComprobanteDTO.swift */; };
		9E6E53522B102DFF004B7590 /* EstadoComandaDTO.swift in Sources */ = {isa = PBXBuildFile; fileRef = 9E6E53512B102DFF004B7590 /* EstadoComandaDTO.swift */; };
		9E6E53542B102F5F004B7590 /* DetalleComandaDTO.swift in Sources */ = {isa = PBXBuildFile; fileRef = 9E6E53532B102F5F004B7590 /* DetalleComandaDTO.swift */; };
		9E6E53562B103647004B7590 /* ComandaService.swift in Sources */ = {isa = PBXBuildFile; fileRef = 9E6E53552B103647004B7590 /* ComandaService.swift */; };
		9E7489562B1A5ADB00F3568C /* FacturarComandaViewController.swift in Sources */ = {isa = PBXBuildFile; fileRef = 9E7489552B1A5ADB00F3568C /* FacturarComandaViewController.swift */; };
		9E7511962AFCBD3800B82FEA /* MetodoPagoServiceRest.swift in Sources */ = {isa = PBXBuildFile; fileRef = 9E7511952AFCBD3800B82FEA /* MetodoPagoServiceRest.swift */; };
		9E7511982AFCCD4C00B82FEA /* CategoriaServiceRest.swift in Sources */ = {isa = PBXBuildFile; fileRef = 9E7511972AFCCD4C00B82FEA /* CategoriaServiceRest.swift */; };
		9E76A7DB2B17CD7F005BFCDF /* EditarComandaViewController.swift in Sources */ = {isa = PBXBuildFile; fileRef = 9E76A7DA2B17CD7F005BFCDF /* EditarComandaViewController.swift */; };
		9E76A7DD2B17D2E5005BFCDF /* DetalleComandaEditarTableViewCell.swift in Sources */ = {isa = PBXBuildFile; fileRef = 9E76A7DC2B17D2E5005BFCDF /* DetalleComandaEditarTableViewCell.swift */; };
		9E8D961D2B1ADDC2005896D4 /* ComprobanteService.swift in Sources */ = {isa = PBXBuildFile; fileRef = 9E8D961C2B1ADDC2005896D4 /* ComprobanteService.swift */; };
		9E9177DB2AFD515100EC13C3 /* EmpleadosServiceRest.swift in Sources */ = {isa = PBXBuildFile; fileRef = 9E9177DA2AFD515100EC13C3 /* EmpleadosServiceRest.swift */; };
		9E9177DF2AFD563C00EC13C3 /* EmpleadoDTOREST.swift in Sources */ = {isa = PBXBuildFile; fileRef = 9E9177DE2AFD563C00EC13C3 /* EmpleadoDTOREST.swift */; };
		9E951FCC2B1426E000C8C509 /* DetalleComandaItem.swift in Sources */ = {isa = PBXBuildFile; fileRef = 9E951FCB2B1426E000C8C509 /* DetalleComandaItem.swift */; };
		9E951FD42B14350D00C8C509 /* DetaleComandaService.swift in Sources */ = {isa = PBXBuildFile; fileRef = 9E951FD32B14350D00C8C509 /* DetaleComandaService.swift */; };
		9E9903D22B18FB94002879E8 /* CambiarDetallePlatoViewController.swift in Sources */ = {isa = PBXBuildFile; fileRef = 9E9903D12B18FB94002879E8 /* CambiarDetallePlatoViewController.swift */; };
		9E991CAA2B11DADC00653923 /* AñadirPlatoViewController.swift in Sources */ = {isa = PBXBuildFile; fileRef = 9E991CA92B11DADC00653923 /* AñadirPlatoViewController.swift */; };
		9EB6C1762AFEE82900AD8A90 /* CambiarContraseñaViewController.swift in Sources */ = {isa = PBXBuildFile; fileRef = 9EB6C1752AFEE82900AD8A90 /* CambiarContraseñaViewController.swift */; };
		9EBFCC8C2B1B0FEC00DAD58C /* CajaRegistradoraTableViewCell.swift in Sources */ = {isa = PBXBuildFile; fileRef = 9EBFCC8B2B1B0FEB00DAD58C /* CajaRegistradoraTableViewCell.swift */; };
		9EBFCC8E2B1B170F00DAD58C /* DatosComprobanteViewController.swift in Sources */ = {isa = PBXBuildFile; fileRef = 9EBFCC8D2B1B170F00DAD58C /* DatosComprobanteViewController.swift */; };
		DC596E7E2ACE65EF00B2F5DF /* EmpleadoMantenimientoViewController.swift in Sources */ = {isa = PBXBuildFile; fileRef = DC596E7D2ACE65EF00B2F5DF /* EmpleadoMantenimientoViewController.swift */; };
		DC596E802ACE6B1300B2F5DF /* EmpleadoDetalleViewControler.swift in Sources */ = {isa = PBXBuildFile; fileRef = DC596E7F2ACE6B1300B2F5DF /* EmpleadoDetalleViewControler.swift */; };
		E20493F92ACFA0490085CAA7 /* CategoriaListadoViewController.swift in Sources */ = {isa = PBXBuildFile; fileRef = E20493F82ACFA0490085CAA7 /* CategoriaListadoViewController.swift */; };
		E20493FB2ACFA06B0085CAA7 /* CategoriaAgregarViewController.swift in Sources */ = {isa = PBXBuildFile; fileRef = E20493FA2ACFA06B0085CAA7 /* CategoriaAgregarViewController.swift */; };
		E20493FD2ACFA0850085CAA7 /* CategoriaModificarViewController.swift in Sources */ = {isa = PBXBuildFile; fileRef = E20493FC2ACFA0850085CAA7 /* CategoriaModificarViewController.swift */; };
		E26EEB2E2ACF8743003A69F0 /* MesaListadoViewController.swift in Sources */ = {isa = PBXBuildFile; fileRef = E26EEB2D2ACF8742003A69F0 /* MesaListadoViewController.swift */; };
		E26EEB302ACF876A003A69F0 /* MesaAgregarViewController.swift in Sources */ = {isa = PBXBuildFile; fileRef = E26EEB2F2ACF876A003A69F0 /* MesaAgregarViewController.swift */; };
		E26EEB322ACF8824003A69F0 /* MesaActualizarViewController.swift in Sources */ = {isa = PBXBuildFile; fileRef = E26EEB312ACF8824003A69F0 /* MesaActualizarViewController.swift */; };
		E29133702AE04EDB009E84B9 /* PlatoActualizarViewController.swift in Sources */ = {isa = PBXBuildFile; fileRef = E291336F2AE04EDB009E84B9 /* PlatoActualizarViewController.swift */; };
		E29133722AE04F13009E84B9 /* PlatoListadoViewController.swift in Sources */ = {isa = PBXBuildFile; fileRef = E29133712AE04F13009E84B9 /* PlatoListadoViewController.swift */; };
		E29133742AE04F2F009E84B9 /* PlatoAgregarViewController.swift in Sources */ = {isa = PBXBuildFile; fileRef = E29133732AE04F2F009E84B9 /* PlatoAgregarViewController.swift */; };
/* End PBXBuildFile section */

/* Begin PBXContainerItemProxy section */
		4E5474212AC8825700BB0BD6 /* PBXContainerItemProxy */ = {
			isa = PBXContainerItemProxy;
			containerPortal = 4E5474022AC8825400BB0BD6 /* Project object */;
			proxyType = 1;
			remoteGlobalIDString = 4E5474092AC8825400BB0BD6;
			remoteInfo = ProyectoComanda;
		};
		4E54742B2AC8825800BB0BD6 /* PBXContainerItemProxy */ = {
			isa = PBXContainerItemProxy;
			containerPortal = 4E5474022AC8825400BB0BD6 /* Project object */;
			proxyType = 1;
			remoteGlobalIDString = 4E5474092AC8825400BB0BD6;
			remoteInfo = ProyectoComanda;
		};
/* End PBXContainerItemProxy section */

/* Begin PBXFileReference section */
		22B2BF22B606D334B91E6481 /* Pods_ProyectoComandaTests.framework */ = {isa = PBXFileReference; explicitFileType = wrapper.framework; includeInIndex = 0; path = Pods_ProyectoComandaTests.framework; sourceTree = BUILT_PRODUCTS_DIR; };
		4E16DD032AE733F5004A505A /* MetodoPagoTableViewCell.swift */ = {isa = PBXFileReference; lastKnownFileType = sourcecode.swift; path = MetodoPagoTableViewCell.swift; sourceTree = "<group>"; };
		4E16DD062AE73556004A505A /* ProyectoComanda.xcdatamodel */ = {isa = PBXFileReference; lastKnownFileType = wrapper.xcdatamodel; path = ProyectoComanda.xcdatamodel; sourceTree = "<group>"; };
		4E16DD0E2AE73740004A505A /* MetodoPagoService.swift */ = {isa = PBXFileReference; lastKnownFileType = sourcecode.swift; path = MetodoPagoService.swift; sourceTree = "<group>"; };
		4E5465912AE06DAD00492ADC /* CajaReporteViewController.swift */ = {isa = PBXFileReference; lastKnownFileType = sourcecode.swift; path = CajaReporteViewController.swift; sourceTree = "<group>"; };
		4E5465932AE06DDD00492ADC /* FacturarViewController.swift */ = {isa = PBXFileReference; lastKnownFileType = sourcecode.swift; path = FacturarViewController.swift; sourceTree = "<group>"; };
		4E54740A2AC8825400BB0BD6 /* ProyectoComanda.app */ = {isa = PBXFileReference; explicitFileType = wrapper.application; includeInIndex = 0; path = ProyectoComanda.app; sourceTree = BUILT_PRODUCTS_DIR; };
		4E54740D2AC8825400BB0BD6 /* AppDelegate.swift */ = {isa = PBXFileReference; lastKnownFileType = sourcecode.swift; path = AppDelegate.swift; sourceTree = "<group>"; };
		4E54740F2AC8825400BB0BD6 /* SceneDelegate.swift */ = {isa = PBXFileReference; lastKnownFileType = sourcecode.swift; path = SceneDelegate.swift; sourceTree = "<group>"; };
		4E5474112AC8825400BB0BD6 /* ViewController.swift */ = {isa = PBXFileReference; lastKnownFileType = sourcecode.swift; path = ViewController.swift; sourceTree = "<group>"; };
		4E5474142AC8825400BB0BD6 /* Base */ = {isa = PBXFileReference; lastKnownFileType = file.storyboard; name = Base; path = Base.lproj/Main.storyboard; sourceTree = "<group>"; };
		4E5474162AC8825700BB0BD6 /* Assets.xcassets */ = {isa = PBXFileReference; lastKnownFileType = folder.assetcatalog; path = Assets.xcassets; sourceTree = "<group>"; };
		4E5474192AC8825700BB0BD6 /* Base */ = {isa = PBXFileReference; lastKnownFileType = file.storyboard; name = Base; path = Base.lproj/LaunchScreen.storyboard; sourceTree = "<group>"; };
		4E54741B2AC8825700BB0BD6 /* Info.plist */ = {isa = PBXFileReference; lastKnownFileType = text.plist.xml; path = Info.plist; sourceTree = "<group>"; };
		4E5474202AC8825700BB0BD6 /* ProyectoComandaTests.xctest */ = {isa = PBXFileReference; explicitFileType = wrapper.cfbundle; includeInIndex = 0; path = ProyectoComandaTests.xctest; sourceTree = BUILT_PRODUCTS_DIR; };
		4E5474242AC8825700BB0BD6 /* ProyectoComandaTests.swift */ = {isa = PBXFileReference; lastKnownFileType = sourcecode.swift; path = ProyectoComandaTests.swift; sourceTree = "<group>"; };
		4E54742A2AC8825800BB0BD6 /* ProyectoComandaUITests.xctest */ = {isa = PBXFileReference; explicitFileType = wrapper.cfbundle; includeInIndex = 0; path = ProyectoComandaUITests.xctest; sourceTree = BUILT_PRODUCTS_DIR; };
		4E54742E2AC8825800BB0BD6 /* ProyectoComandaUITests.swift */ = {isa = PBXFileReference; lastKnownFileType = sourcecode.swift; path = ProyectoComandaUITests.swift; sourceTree = "<group>"; };
		4E5474302AC8825800BB0BD6 /* ProyectoComandaUITestsLaunchTests.swift */ = {isa = PBXFileReference; lastKnownFileType = sourcecode.swift; path = ProyectoComandaUITestsLaunchTests.swift; sourceTree = "<group>"; };
		4E54743E2AC88C5900BB0BD6 /* EstablecimientoViewController.swift */ = {isa = PBXFileReference; lastKnownFileType = sourcecode.swift; path = EstablecimientoViewController.swift; sourceTree = "<group>"; };
		4E5474402AC88C7100BB0BD6 /* MetodosPagoListadoViewController.swift */ = {isa = PBXFileReference; lastKnownFileType = sourcecode.swift; path = MetodosPagoListadoViewController.swift; sourceTree = "<group>"; };
		4E5474422AC88C8600BB0BD6 /* MetodosPagoAgregarViewController.swift */ = {isa = PBXFileReference; lastKnownFileType = sourcecode.swift; path = MetodosPagoAgregarViewController.swift; sourceTree = "<group>"; };
		4E5474442AC88C9B00BB0BD6 /* MetodosPagoActualizarViewController.swift */ = {isa = PBXFileReference; lastKnownFileType = sourcecode.swift; path = MetodosPagoActualizarViewController.swift; sourceTree = "<group>"; };
		4E55C9812AFA7BBD00114487 /* EmpleadoActualizarViewController.swift */ = {isa = PBXFileReference; lastKnownFileType = sourcecode.swift; path = EmpleadoActualizarViewController.swift; sourceTree = "<group>"; };
		4E56C44F2AF5DC4100B414D7 /* EmpleadoDTO.swift */ = {isa = PBXFileReference; lastKnownFileType = sourcecode.swift; path = EmpleadoDTO.swift; sourceTree = "<group>"; };
		4E56C4512AF5DC4E00B414D7 /* UsuarioDTO.swift */ = {isa = PBXFileReference; lastKnownFileType = sourcecode.swift; path = UsuarioDTO.swift; sourceTree = "<group>"; };
		4E56C4552AF5DDE400B414D7 /* Cargo+CoreDataClass.swift */ = {isa = PBXFileReference; lastKnownFileType = sourcecode.swift; path = "Cargo+CoreDataClass.swift"; sourceTree = SOURCE_ROOT; };
		4E56C4562AF5DDE400B414D7 /* Cargo+CoreDataProperties.swift */ = {isa = PBXFileReference; lastKnownFileType = sourcecode.swift; path = "Cargo+CoreDataProperties.swift"; sourceTree = SOURCE_ROOT; };
		4E56C4572AF5DDE400B414D7 /* MetodoPago+CoreDataClass.swift */ = {isa = PBXFileReference; lastKnownFileType = sourcecode.swift; path = "MetodoPago+CoreDataClass.swift"; sourceTree = SOURCE_ROOT; };
		4E56C4582AF5DDE400B414D7 /* MetodoPago+CoreDataProperties.swift */ = {isa = PBXFileReference; lastKnownFileType = sourcecode.swift; path = "MetodoPago+CoreDataProperties.swift"; sourceTree = SOURCE_ROOT; };
		4E56C4592AF5DDE400B414D7 /* Empleado+CoreDataClass.swift */ = {isa = PBXFileReference; lastKnownFileType = sourcecode.swift; path = "Empleado+CoreDataClass.swift"; sourceTree = SOURCE_ROOT; };
		4E56C45A2AF5DDE400B414D7 /* Empleado+CoreDataProperties.swift */ = {isa = PBXFileReference; lastKnownFileType = sourcecode.swift; path = "Empleado+CoreDataProperties.swift"; sourceTree = SOURCE_ROOT; };
		4E56C45B2AF5DDE400B414D7 /* TipoComprobante+CoreDataClass.swift */ = {isa = PBXFileReference; lastKnownFileType = sourcecode.swift; path = "TipoComprobante+CoreDataClass.swift"; sourceTree = SOURCE_ROOT; };
		4E56C45C2AF5DDE400B414D7 /* TipoComprobante+CoreDataProperties.swift */ = {isa = PBXFileReference; lastKnownFileType = sourcecode.swift; path = "TipoComprobante+CoreDataProperties.swift"; sourceTree = SOURCE_ROOT; };
		4E56C45D2AF5DDE400B414D7 /* Usuario+CoreDataClass.swift */ = {isa = PBXFileReference; lastKnownFileType = sourcecode.swift; path = "Usuario+CoreDataClass.swift"; sourceTree = SOURCE_ROOT; };
		4E56C45E2AF5DDE400B414D7 /* Usuario+CoreDataProperties.swift */ = {isa = PBXFileReference; lastKnownFileType = sourcecode.swift; path = "Usuario+CoreDataProperties.swift"; sourceTree = SOURCE_ROOT; };
		4E56C4632AF5DDE400B414D7 /* Mesa+CoreDataClass.swift */ = {isa = PBXFileReference; lastKnownFileType = sourcecode.swift; path = "Mesa+CoreDataClass.swift"; sourceTree = SOURCE_ROOT; };
		4E56C4642AF5DDE400B414D7 /* Mesa+CoreDataProperties.swift */ = {isa = PBXFileReference; lastKnownFileType = sourcecode.swift; path = "Mesa+CoreDataProperties.swift"; sourceTree = SOURCE_ROOT; };
		4E56C4652AF5DDE400B414D7 /* Comprobante+CoreDataClass.swift */ = {isa = PBXFileReference; lastKnownFileType = sourcecode.swift; path = "Comprobante+CoreDataClass.swift"; sourceTree = SOURCE_ROOT; };
		4E56C4662AF5DDE400B414D7 /* Comprobante+CoreDataProperties.swift */ = {isa = PBXFileReference; lastKnownFileType = sourcecode.swift; path = "Comprobante+CoreDataProperties.swift"; sourceTree = SOURCE_ROOT; };
		4E56C4672AF5DDE400B414D7 /* EstadoComanda+CoreDataClass.swift */ = {isa = PBXFileReference; lastKnownFileType = sourcecode.swift; path = "EstadoComanda+CoreDataClass.swift"; sourceTree = SOURCE_ROOT; };
		4E56C4682AF5DDE400B414D7 /* EstadoComanda+CoreDataProperties.swift */ = {isa = PBXFileReference; lastKnownFileType = sourcecode.swift; path = "EstadoComanda+CoreDataProperties.swift"; sourceTree = SOURCE_ROOT; };
		4E56C4692AF5DDE400B414D7 /* Plato+CoreDataClass.swift */ = {isa = PBXFileReference; lastKnownFileType = sourcecode.swift; path = "Plato+CoreDataClass.swift"; sourceTree = SOURCE_ROOT; };
		4E56C46A2AF5DDE400B414D7 /* Plato+CoreDataProperties.swift */ = {isa = PBXFileReference; lastKnownFileType = sourcecode.swift; path = "Plato+CoreDataProperties.swift"; sourceTree = SOURCE_ROOT; };
		4E56C46B2AF5DDE400B414D7 /* Caja+CoreDataClass.swift */ = {isa = PBXFileReference; lastKnownFileType = sourcecode.swift; path = "Caja+CoreDataClass.swift"; sourceTree = SOURCE_ROOT; };
		4E56C46C2AF5DDE400B414D7 /* Caja+CoreDataProperties.swift */ = {isa = PBXFileReference; lastKnownFileType = sourcecode.swift; path = "Caja+CoreDataProperties.swift"; sourceTree = SOURCE_ROOT; };
		4E56C4872AF5DEE100B414D7 /* TipoComprobanteService.swift */ = {isa = PBXFileReference; lastKnownFileType = sourcecode.swift; path = TipoComprobanteService.swift; sourceTree = "<group>"; };
		4E5A842F2AE9CA1E002EE753 /* CategoriaPlatoDTO.swift */ = {isa = PBXFileReference; lastKnownFileType = sourcecode.swift; path = CategoriaPlatoDTO.swift; sourceTree = "<group>"; };
		4E5A84312AE9CA2B002EE753 /* PlatoDTO.swift */ = {isa = PBXFileReference; lastKnownFileType = sourcecode.swift; path = PlatoDTO.swift; sourceTree = "<group>"; };
		4E5A84332AE9CA91002EE753 /* CategoriaService.swift */ = {isa = PBXFileReference; lastKnownFileType = sourcecode.swift; path = CategoriaService.swift; sourceTree = "<group>"; };
		4E5A84352AE9CAA1002EE753 /* PlatoService.swift */ = {isa = PBXFileReference; lastKnownFileType = sourcecode.swift; path = PlatoService.swift; sourceTree = "<group>"; };
		4E5A84392AE9CB4D002EE753 /* CategoriaPlato+CoreDataClass.swift */ = {isa = PBXFileReference; lastKnownFileType = sourcecode.swift; path = "CategoriaPlato+CoreDataClass.swift"; sourceTree = SOURCE_ROOT; };
		4E5A843A2AE9CB4D002EE753 /* CategoriaPlato+CoreDataProperties.swift */ = {isa = PBXFileReference; lastKnownFileType = sourcecode.swift; path = "CategoriaPlato+CoreDataProperties.swift"; sourceTree = SOURCE_ROOT; };
		4E5A843F2AE9CD38002EE753 /* CategoriaPlatoTableViewCell.swift */ = {isa = PBXFileReference; lastKnownFileType = sourcecode.swift; path = CategoriaPlatoTableViewCell.swift; sourceTree = "<group>"; };
		4E5A84412AE9CD79002EE753 /* PlatoTableViewCell.swift */ = {isa = PBXFileReference; lastKnownFileType = sourcecode.swift; path = PlatoTableViewCell.swift; sourceTree = "<group>"; };
		4E6953C22AF6E85000511B25 /* EstablecimientoService.swift */ = {isa = PBXFileReference; lastKnownFileType = sourcecode.swift; path = EstablecimientoService.swift; sourceTree = "<group>"; };
		4E6953C42AF6EB9700511B25 /* Establecimiento+CoreDataClass.swift */ = {isa = PBXFileReference; lastKnownFileType = sourcecode.swift; path = "Establecimiento+CoreDataClass.swift"; sourceTree = SOURCE_ROOT; };
		4E6953C52AF6EB9700511B25 /* Establecimiento+CoreDataProperties.swift */ = {isa = PBXFileReference; lastKnownFileType = sourcecode.swift; path = "Establecimiento+CoreDataProperties.swift"; sourceTree = SOURCE_ROOT; };
		4E6953C82AF6F4E200511B25 /* CargoService.swift */ = {isa = PBXFileReference; lastKnownFileType = sourcecode.swift; path = CargoService.swift; sourceTree = "<group>"; };
		4E6953CA2AF6F4F100511B25 /* EmpleadoService.swift */ = {isa = PBXFileReference; lastKnownFileType = sourcecode.swift; path = EmpleadoService.swift; sourceTree = "<group>"; };
		4E6953CC2AF6F4FF00511B25 /* UsuarioService.swift */ = {isa = PBXFileReference; lastKnownFileType = sourcecode.swift; path = UsuarioService.swift; sourceTree = "<group>"; };
		4E6953CE2AF6F51F00511B25 /* EstadoComandaService.swift */ = {isa = PBXFileReference; lastKnownFileType = sourcecode.swift; path = EstadoComandaService.swift; sourceTree = "<group>"; };
		4E6953D12AF701A100511B25 /* EmpleadoTableViewCell.swift */ = {isa = PBXFileReference; lastKnownFileType = sourcecode.swift; path = EmpleadoTableViewCell.swift; sourceTree = "<group>"; };
		4E6953D32AF701B300511B25 /* MesaTableViewCell.swift */ = {isa = PBXFileReference; lastKnownFileType = sourcecode.swift; path = MesaTableViewCell.swift; sourceTree = "<group>"; };
		4E6C960C2B1BB07100748072 /* DetalleComanda+CoreDataClass.swift */ = {isa = PBXFileReference; lastKnownFileType = sourcecode.swift; path = "DetalleComanda+CoreDataClass.swift"; sourceTree = SOURCE_ROOT; };
		4E6C960D2B1BB07100748072 /* DetalleComanda+CoreDataProperties.swift */ = {isa = PBXFileReference; lastKnownFileType = sourcecode.swift; path = "DetalleComanda+CoreDataProperties.swift"; sourceTree = SOURCE_ROOT; };
		4E6C96102B1BB0CD00748072 /* Comanda+CoreDataClass.swift */ = {isa = PBXFileReference; lastKnownFileType = sourcecode.swift; path = "Comanda+CoreDataClass.swift"; sourceTree = SOURCE_ROOT; };
		4E6C96112B1BB0CD00748072 /* Comanda+CoreDataProperties.swift */ = {isa = PBXFileReference; lastKnownFileType = sourcecode.swift; path = "Comanda+CoreDataProperties.swift"; sourceTree = SOURCE_ROOT; };
		4E6C96172B1BB21B00748072 /* ComprobanteDTORest.swift */ = {isa = PBXFileReference; lastKnownFileType = sourcecode.swift; path = ComprobanteDTORest.swift; sourceTree = "<group>"; };
		4E6C96192B1BB2B300748072 /* TipoComprobanteDTO.swift */ = {isa = PBXFileReference; lastKnownFileType = sourcecode.swift; path = TipoComprobanteDTO.swift; sourceTree = "<group>"; };
		4E6C961B2B1BB32D00748072 /* CajaDTO.swift */ = {isa = PBXFileReference; lastKnownFileType = sourcecode.swift; path = CajaDTO.swift; sourceTree = "<group>"; };
		4E6C961D2B1BC07100748072 /* ComandaDTORest.swift */ = {isa = PBXFileReference; lastKnownFileType = sourcecode.swift; path = ComandaDTORest.swift; sourceTree = "<group>"; };
		4E6C961F2B1BC68800748072 /* GoogleService-Info.plist */ = {isa = PBXFileReference; fileEncoding = 4; lastKnownFileType = text.plist.xml; name = "GoogleService-Info.plist"; path = "../../../Downloads/GoogleService-Info.plist"; sourceTree = "<group>"; };
		4E6CDCC72B004E470064D8B1 /* MesaService.swift */ = {isa = PBXFileReference; lastKnownFileType = sourcecode.swift; path = MesaService.swift; sourceTree = "<group>"; };
		4E6CDCC92B004EAE0064D8B1 /* MesaDTO.swift */ = {isa = PBXFileReference; lastKnownFileType = sourcecode.swift; path = MesaDTO.swift; sourceTree = "<group>"; };
		4E6CDCCC2B0050980064D8B1 /* MesaServiceRest.swift */ = {isa = PBXFileReference; lastKnownFileType = sourcecode.swift; path = MesaServiceRest.swift; sourceTree = "<group>"; };
		4E6D7EBC2B0074D00094819D /* EstablecimientoServiceRest.swift */ = {isa = PBXFileReference; lastKnownFileType = sourcecode.swift; path = EstablecimientoServiceRest.swift; sourceTree = "<group>"; };
		4E6D7EBE2B0074F90094819D /* EstablecimientoDTO.swift */ = {isa = PBXFileReference; lastKnownFileType = sourcecode.swift; path = EstablecimientoDTO.swift; sourceTree = "<group>"; };
		4E6D7EC02B0078AE0094819D /* CajaService.swift */ = {isa = PBXFileReference; lastKnownFileType = sourcecode.swift; path = CajaService.swift; sourceTree = "<group>"; };
		4E6DF02D2AE73FED00DE7D52 /* MetodoPagoDTO.swift */ = {isa = PBXFileReference; lastKnownFileType = sourcecode.swift; path = MetodoPagoDTO.swift; sourceTree = "<group>"; };
		7021FE36831A8CE0BE18007D /* Pods_ProyectoComanda.framework */ = {isa = PBXFileReference; explicitFileType = wrapper.framework; includeInIndex = 0; path = Pods_ProyectoComanda.framework; sourceTree = BUILT_PRODUCTS_DIR; };
		8B961AD92940524FDD9888DE /* Pods-ProyectoComandaTests.debug.xcconfig */ = {isa = PBXFileReference; includeInIndex = 1; lastKnownFileType = text.xcconfig; name = "Pods-ProyectoComandaTests.debug.xcconfig"; path = "Target Support Files/Pods-ProyectoComandaTests/Pods-ProyectoComandaTests.debug.xcconfig"; sourceTree = "<group>"; };
		9E684AAA2AFE85CC00E33029 /* PlatoDTOREST.swift */ = {isa = PBXFileReference; lastKnownFileType = sourcecode.swift; path = PlatoDTOREST.swift; sourceTree = "<group>"; };
		9E684AAC2AFE865900E33029 /* PlatoServiceRest.swift */ = {isa = PBXFileReference; lastKnownFileType = sourcecode.swift; path = PlatoServiceRest.swift; sourceTree = "<group>"; };
		9E6C79822ACD279F002C1E5A /* PrincipalViewController.swift */ = {isa = PBXFileReference; lastKnownFileType = sourcecode.swift; path = PrincipalViewController.swift; sourceTree = "<group>"; };
		9E6C79842ACD27EF002C1E5A /* ConfiguracionViewController.swift */ = {isa = PBXFileReference; lastKnownFileType = sourcecode.swift; path = ConfiguracionViewController.swift; sourceTree = "<group>"; };
		9E6E53472B1027F1004B7590 /* RegistrarComandaViewController.swift */ = {isa = PBXFileReference; lastKnownFileType = sourcecode.swift; path = RegistrarComandaViewController.swift; sourceTree = "<group>"; };
		9E6E53492B10280C004B7590 /* ListarComandaViewController.swift */ = {isa = PBXFileReference; lastKnownFileType = sourcecode.swift; path = ListarComandaViewController.swift; sourceTree = "<group>"; };
		9E6E534B2B102840004B7590 /* ComandaTableViewCell.swift */ = {isa = PBXFileReference; lastKnownFileType = sourcecode.swift; path = ComandaTableViewCell.swift; sourceTree = "<group>"; };
		9E6E534D2B102CFD004B7590 /* ComandaDTO.swift */ = {isa = PBXFileReference; lastKnownFileType = sourcecode.swift; path = ComandaDTO.swift; sourceTree = "<group>"; };
		9E6E534F2B102DDE004B7590 /* ComprobanteDTO.swift */ = {isa = PBXFileReference; lastKnownFileType = sourcecode.swift; path = ComprobanteDTO.swift; sourceTree = "<group>"; };
		9E6E53512B102DFF004B7590 /* EstadoComandaDTO.swift */ = {isa = PBXFileReference; lastKnownFileType = sourcecode.swift; path = EstadoComandaDTO.swift; sourceTree = "<group>"; };
		9E6E53532B102F5F004B7590 /* DetalleComandaDTO.swift */ = {isa = PBXFileReference; lastKnownFileType = sourcecode.swift; path = DetalleComandaDTO.swift; sourceTree = "<group>"; };
		9E6E53552B103647004B7590 /* ComandaService.swift */ = {isa = PBXFileReference; lastKnownFileType = sourcecode.swift; path = ComandaService.swift; sourceTree = "<group>"; };
		9E7489552B1A5ADB00F3568C /* FacturarComandaViewController.swift */ = {isa = PBXFileReference; lastKnownFileType = sourcecode.swift; path = FacturarComandaViewController.swift; sourceTree = "<group>"; };
		9E7511952AFCBD3800B82FEA /* MetodoPagoServiceRest.swift */ = {isa = PBXFileReference; lastKnownFileType = sourcecode.swift; path = MetodoPagoServiceRest.swift; sourceTree = "<group>"; };
		9E7511972AFCCD4C00B82FEA /* CategoriaServiceRest.swift */ = {isa = PBXFileReference; lastKnownFileType = sourcecode.swift; path = CategoriaServiceRest.swift; sourceTree = "<group>"; };
		9E76A7DA2B17CD7F005BFCDF /* EditarComandaViewController.swift */ = {isa = PBXFileReference; lastKnownFileType = sourcecode.swift; path = EditarComandaViewController.swift; sourceTree = "<group>"; };
		9E76A7DC2B17D2E5005BFCDF /* DetalleComandaEditarTableViewCell.swift */ = {isa = PBXFileReference; lastKnownFileType = sourcecode.swift; path = DetalleComandaEditarTableViewCell.swift; sourceTree = "<group>"; };
		9E8D961C2B1ADDC2005896D4 /* ComprobanteService.swift */ = {isa = PBXFileReference; lastKnownFileType = sourcecode.swift; path = ComprobanteService.swift; sourceTree = "<group>"; };
		9E9177DA2AFD515100EC13C3 /* EmpleadosServiceRest.swift */ = {isa = PBXFileReference; lastKnownFileType = sourcecode.swift; path = EmpleadosServiceRest.swift; sourceTree = "<group>"; };
		9E9177DE2AFD563C00EC13C3 /* EmpleadoDTOREST.swift */ = {isa = PBXFileReference; lastKnownFileType = sourcecode.swift; path = EmpleadoDTOREST.swift; sourceTree = "<group>"; };
		9E951FCB2B1426E000C8C509 /* DetalleComandaItem.swift */ = {isa = PBXFileReference; lastKnownFileType = sourcecode.swift; path = DetalleComandaItem.swift; sourceTree = "<group>"; };
		9E951FD32B14350D00C8C509 /* DetaleComandaService.swift */ = {isa = PBXFileReference; lastKnownFileType = sourcecode.swift; path = DetaleComandaService.swift; sourceTree = "<group>"; };
		9E9903D12B18FB94002879E8 /* CambiarDetallePlatoViewController.swift */ = {isa = PBXFileReference; lastKnownFileType = sourcecode.swift; path = CambiarDetallePlatoViewController.swift; sourceTree = "<group>"; };
		9E991CA92B11DADC00653923 /* AñadirPlatoViewController.swift */ = {isa = PBXFileReference; lastKnownFileType = sourcecode.swift; path = "AñadirPlatoViewController.swift"; sourceTree = "<group>"; };
		9EB6C1752AFEE82900AD8A90 /* CambiarContraseñaViewController.swift */ = {isa = PBXFileReference; lastKnownFileType = sourcecode.swift; path = "CambiarContraseñaViewController.swift"; sourceTree = "<group>"; };
		9EBFCC8B2B1B0FEB00DAD58C /* CajaRegistradoraTableViewCell.swift */ = {isa = PBXFileReference; lastKnownFileType = sourcecode.swift; path = CajaRegistradoraTableViewCell.swift; sourceTree = "<group>"; };
		9EBFCC8D2B1B170F00DAD58C /* DatosComprobanteViewController.swift */ = {isa = PBXFileReference; lastKnownFileType = sourcecode.swift; path = DatosComprobanteViewController.swift; sourceTree = "<group>"; };
		A8791B1E27FA802326D7D149 /* Pods-ProyectoComanda.release.xcconfig */ = {isa = PBXFileReference; includeInIndex = 1; lastKnownFileType = text.xcconfig; name = "Pods-ProyectoComanda.release.xcconfig"; path = "Target Support Files/Pods-ProyectoComanda/Pods-ProyectoComanda.release.xcconfig"; sourceTree = "<group>"; };
		B7F71E62D5893383634042FD /* Pods_ProyectoComanda_ProyectoComandaUITests.framework */ = {isa = PBXFileReference; explicitFileType = wrapper.framework; includeInIndex = 0; path = Pods_ProyectoComanda_ProyectoComandaUITests.framework; sourceTree = BUILT_PRODUCTS_DIR; };
		C3AB82E397EE04E0119EED18 /* Pods-ProyectoComanda-ProyectoComandaUITests.debug.xcconfig */ = {isa = PBXFileReference; includeInIndex = 1; lastKnownFileType = text.xcconfig; name = "Pods-ProyectoComanda-ProyectoComandaUITests.debug.xcconfig"; path = "Target Support Files/Pods-ProyectoComanda-ProyectoComandaUITests/Pods-ProyectoComanda-ProyectoComandaUITests.debug.xcconfig"; sourceTree = "<group>"; };
		DC596E7D2ACE65EF00B2F5DF /* EmpleadoMantenimientoViewController.swift */ = {isa = PBXFileReference; lastKnownFileType = sourcecode.swift; path = EmpleadoMantenimientoViewController.swift; sourceTree = "<group>"; };
		DC596E7F2ACE6B1300B2F5DF /* EmpleadoDetalleViewControler.swift */ = {isa = PBXFileReference; lastKnownFileType = sourcecode.swift; path = EmpleadoDetalleViewControler.swift; sourceTree = "<group>"; };
		E20493F82ACFA0490085CAA7 /* CategoriaListadoViewController.swift */ = {isa = PBXFileReference; lastKnownFileType = sourcecode.swift; path = CategoriaListadoViewController.swift; sourceTree = "<group>"; };
		E20493FA2ACFA06B0085CAA7 /* CategoriaAgregarViewController.swift */ = {isa = PBXFileReference; lastKnownFileType = sourcecode.swift; path = CategoriaAgregarViewController.swift; sourceTree = "<group>"; };
		E20493FC2ACFA0850085CAA7 /* CategoriaModificarViewController.swift */ = {isa = PBXFileReference; lastKnownFileType = sourcecode.swift; path = CategoriaModificarViewController.swift; sourceTree = "<group>"; };
		E26EEB2D2ACF8742003A69F0 /* MesaListadoViewController.swift */ = {isa = PBXFileReference; lastKnownFileType = sourcecode.swift; path = MesaListadoViewController.swift; sourceTree = "<group>"; };
		E26EEB2F2ACF876A003A69F0 /* MesaAgregarViewController.swift */ = {isa = PBXFileReference; lastKnownFileType = sourcecode.swift; path = MesaAgregarViewController.swift; sourceTree = "<group>"; };
		E26EEB312ACF8824003A69F0 /* MesaActualizarViewController.swift */ = {isa = PBXFileReference; lastKnownFileType = sourcecode.swift; path = MesaActualizarViewController.swift; sourceTree = "<group>"; };
		E291336F2AE04EDB009E84B9 /* PlatoActualizarViewController.swift */ = {isa = PBXFileReference; lastKnownFileType = sourcecode.swift; path = PlatoActualizarViewController.swift; sourceTree = "<group>"; };
		E29133712AE04F13009E84B9 /* PlatoListadoViewController.swift */ = {isa = PBXFileReference; lastKnownFileType = sourcecode.swift; path = PlatoListadoViewController.swift; sourceTree = "<group>"; };
		E29133732AE04F2F009E84B9 /* PlatoAgregarViewController.swift */ = {isa = PBXFileReference; lastKnownFileType = sourcecode.swift; path = PlatoAgregarViewController.swift; sourceTree = "<group>"; };
		E7581649477592DD76292F06 /* Pods-ProyectoComanda-ProyectoComandaUITests.release.xcconfig */ = {isa = PBXFileReference; includeInIndex = 1; lastKnownFileType = text.xcconfig; name = "Pods-ProyectoComanda-ProyectoComandaUITests.release.xcconfig"; path = "Target Support Files/Pods-ProyectoComanda-ProyectoComandaUITests/Pods-ProyectoComanda-ProyectoComandaUITests.release.xcconfig"; sourceTree = "<group>"; };
		EDEECE87FCF3B9FA4BFFDCEE /* Pods-ProyectoComanda.debug.xcconfig */ = {isa = PBXFileReference; includeInIndex = 1; lastKnownFileType = text.xcconfig; name = "Pods-ProyectoComanda.debug.xcconfig"; path = "Target Support Files/Pods-ProyectoComanda/Pods-ProyectoComanda.debug.xcconfig"; sourceTree = "<group>"; };
		FC3762EFD0895944AC4AD956 /* Pods-ProyectoComandaTests.release.xcconfig */ = {isa = PBXFileReference; includeInIndex = 1; lastKnownFileType = text.xcconfig; name = "Pods-ProyectoComandaTests.release.xcconfig"; path = "Target Support Files/Pods-ProyectoComandaTests/Pods-ProyectoComandaTests.release.xcconfig"; sourceTree = "<group>"; };
/* End PBXFileReference section */

/* Begin PBXFrameworksBuildPhase section */
		4E5474072AC8825400BB0BD6 /* Frameworks */ = {
			isa = PBXFrameworksBuildPhase;
			buildActionMask = 2147483647;
			files = (
				0AF3A8FA2144C35BA6D3BF6A /* Pods_ProyectoComanda.framework in Frameworks */,
			);
			runOnlyForDeploymentPostprocessing = 0;
		};
		4E54741D2AC8825700BB0BD6 /* Frameworks */ = {
			isa = PBXFrameworksBuildPhase;
			buildActionMask = 2147483647;
			files = (
				626E1686243978E337FAA11B /* Pods_ProyectoComandaTests.framework in Frameworks */,
			);
			runOnlyForDeploymentPostprocessing = 0;
		};
		4E5474272AC8825800BB0BD6 /* Frameworks */ = {
			isa = PBXFrameworksBuildPhase;
			buildActionMask = 2147483647;
			files = (
				75A25C99E2567FECEACA7638 /* Pods_ProyectoComanda_ProyectoComandaUITests.framework in Frameworks */,
			);
			runOnlyForDeploymentPostprocessing = 0;
		};
/* End PBXFrameworksBuildPhase section */

/* Begin PBXGroup section */
		0C53CDEFB35F6FAB8468B126 /* Pods */ = {
			isa = PBXGroup;
			children = (
				EDEECE87FCF3B9FA4BFFDCEE /* Pods-ProyectoComanda.debug.xcconfig */,
				A8791B1E27FA802326D7D149 /* Pods-ProyectoComanda.release.xcconfig */,
				C3AB82E397EE04E0119EED18 /* Pods-ProyectoComanda-ProyectoComandaUITests.debug.xcconfig */,
				E7581649477592DD76292F06 /* Pods-ProyectoComanda-ProyectoComandaUITests.release.xcconfig */,
				8B961AD92940524FDD9888DE /* Pods-ProyectoComandaTests.debug.xcconfig */,
				FC3762EFD0895944AC4AD956 /* Pods-ProyectoComandaTests.release.xcconfig */,
			);
			path = Pods;
			sourceTree = "<group>";
		};
		4E16DD002AE733A8004A505A /* MetodoPago */ = {
			isa = PBXGroup;
			children = (
				4E5474402AC88C7100BB0BD6 /* MetodosPagoListadoViewController.swift */,
				4E5474422AC88C8600BB0BD6 /* MetodosPagoAgregarViewController.swift */,
				4E5474442AC88C9B00BB0BD6 /* MetodosPagoActualizarViewController.swift */,
			);
			path = MetodoPago;
			sourceTree = "<group>";
		};
		4E16DD022AE733D9004A505A /* Celdas */ = {
			isa = PBXGroup;
			children = (
				4E16DD032AE733F5004A505A /* MetodoPagoTableViewCell.swift */,
				4E5A843F2AE9CD38002EE753 /* CategoriaPlatoTableViewCell.swift */,
				4E5A84412AE9CD79002EE753 /* PlatoTableViewCell.swift */,
				4E6953D12AF701A100511B25 /* EmpleadoTableViewCell.swift */,
				4E6953D32AF701B300511B25 /* MesaTableViewCell.swift */,
				9E6E534B2B102840004B7590 /* ComandaTableViewCell.swift */,
				9E951FCB2B1426E000C8C509 /* DetalleComandaItem.swift */,
				9E76A7DC2B17D2E5005BFCDF /* DetalleComandaEditarTableViewCell.swift */,
				9EBFCC8B2B1B0FEB00DAD58C /* CajaRegistradoraTableViewCell.swift */,
			);
			path = Celdas;
			sourceTree = "<group>";
		};
		4E16DD082AE735D5004A505A /* Entidades */ = {
			isa = PBXGroup;
			children = (
				4E6C96102B1BB0CD00748072 /* Comanda+CoreDataClass.swift */,
				4E6C96112B1BB0CD00748072 /* Comanda+CoreDataProperties.swift */,
				4E6C960C2B1BB07100748072 /* DetalleComanda+CoreDataClass.swift */,
				4E6C960D2B1BB07100748072 /* DetalleComanda+CoreDataProperties.swift */,
				4E6953C42AF6EB9700511B25 /* Establecimiento+CoreDataClass.swift */,
				4E6953C52AF6EB9700511B25 /* Establecimiento+CoreDataProperties.swift */,
				4E56C4552AF5DDE400B414D7 /* Cargo+CoreDataClass.swift */,
				4E56C4562AF5DDE400B414D7 /* Cargo+CoreDataProperties.swift */,
				4E56C4572AF5DDE400B414D7 /* MetodoPago+CoreDataClass.swift */,
				4E56C4582AF5DDE400B414D7 /* MetodoPago+CoreDataProperties.swift */,
				4E56C4592AF5DDE400B414D7 /* Empleado+CoreDataClass.swift */,
				4E56C45A2AF5DDE400B414D7 /* Empleado+CoreDataProperties.swift */,
				4E56C45B2AF5DDE400B414D7 /* TipoComprobante+CoreDataClass.swift */,
				4E56C45C2AF5DDE400B414D7 /* TipoComprobante+CoreDataProperties.swift */,
				4E56C45D2AF5DDE400B414D7 /* Usuario+CoreDataClass.swift */,
				4E56C45E2AF5DDE400B414D7 /* Usuario+CoreDataProperties.swift */,
				4E56C4632AF5DDE400B414D7 /* Mesa+CoreDataClass.swift */,
				4E56C4642AF5DDE400B414D7 /* Mesa+CoreDataProperties.swift */,
				4E56C4652AF5DDE400B414D7 /* Comprobante+CoreDataClass.swift */,
				4E56C4662AF5DDE400B414D7 /* Comprobante+CoreDataProperties.swift */,
				4E56C4672AF5DDE400B414D7 /* EstadoComanda+CoreDataClass.swift */,
				4E56C4682AF5DDE400B414D7 /* EstadoComanda+CoreDataProperties.swift */,
				4E56C4692AF5DDE400B414D7 /* Plato+CoreDataClass.swift */,
				4E56C46A2AF5DDE400B414D7 /* Plato+CoreDataProperties.swift */,
				4E56C46C2AF5DDE400B414D7 /* Caja+CoreDataProperties.swift */,
				4E56C46B2AF5DDE400B414D7 /* Caja+CoreDataClass.swift */,
				4E5A84392AE9CB4D002EE753 /* CategoriaPlato+CoreDataClass.swift */,
				4E5A843A2AE9CB4D002EE753 /* CategoriaPlato+CoreDataProperties.swift */,
			);
			path = Entidades;
			sourceTree = "<group>";
		};
		4E16DD0D2AE73718004A505A /* Controladores */ = {
			isa = PBXGroup;
			children = (
				4E6CDCCB2B0050820064D8B1 /* REST */,
				4E16DD0E2AE73740004A505A /* MetodoPagoService.swift */,
				4E5A84332AE9CA91002EE753 /* CategoriaService.swift */,
				4E5A84352AE9CAA1002EE753 /* PlatoService.swift */,
				4E56C4872AF5DEE100B414D7 /* TipoComprobanteService.swift */,
				4E6953C22AF6E85000511B25 /* EstablecimientoService.swift */,
				4E6953C82AF6F4E200511B25 /* CargoService.swift */,
				4E6953CA2AF6F4F100511B25 /* EmpleadoService.swift */,
				4E6953CC2AF6F4FF00511B25 /* UsuarioService.swift */,
				4E6953CE2AF6F51F00511B25 /* EstadoComandaService.swift */,
				9E7511952AFCBD3800B82FEA /* MetodoPagoServiceRest.swift */,
				9E7511972AFCCD4C00B82FEA /* CategoriaServiceRest.swift */,
				9E9177DA2AFD515100EC13C3 /* EmpleadosServiceRest.swift */,
				9E684AAC2AFE865900E33029 /* PlatoServiceRest.swift */,
				4E6CDCC72B004E470064D8B1 /* MesaService.swift */,
				4E6D7EC02B0078AE0094819D /* CajaService.swift */,
				9E6E53552B103647004B7590 /* ComandaService.swift */,
				9E951FD32B14350D00C8C509 /* DetaleComandaService.swift */,
				9E8D961C2B1ADDC2005896D4 /* ComprobanteService.swift */,
			);
			path = Controladores;
			sourceTree = "<group>";
		};
		4E5474012AC8825400BB0BD6 = {
			isa = PBXGroup;
			children = (
				4E54740C2AC8825400BB0BD6 /* ProyectoComanda */,
				4E5474232AC8825700BB0BD6 /* ProyectoComandaTests */,
				4E54742D2AC8825800BB0BD6 /* ProyectoComandaUITests */,
				4E54740B2AC8825400BB0BD6 /* Products */,
				0C53CDEFB35F6FAB8468B126 /* Pods */,
				B578500B25CAEB5D5DDBBDA8 /* Frameworks */,
			);
			sourceTree = "<group>";
		};
		4E54740B2AC8825400BB0BD6 /* Products */ = {
			isa = PBXGroup;
			children = (
				4E54740A2AC8825400BB0BD6 /* ProyectoComanda.app */,
				4E5474202AC8825700BB0BD6 /* ProyectoComandaTests.xctest */,
				4E54742A2AC8825800BB0BD6 /* ProyectoComandaUITests.xctest */,
			);
			name = Products;
			sourceTree = "<group>";
		};
		4E54740C2AC8825400BB0BD6 /* ProyectoComanda */ = {
			isa = PBXGroup;
			children = (
				4E6C961F2B1BC68800748072 /* GoogleService-Info.plist */,
				4E6DF02C2AE73FD300DE7D52 /* Dtos */,
				4E16DD0D2AE73718004A505A /* Controladores */,
				4E16DD082AE735D5004A505A /* Entidades */,
				4E16DD022AE733D9004A505A /* Celdas */,
				4E54743D2AC887CB00BB0BD6 /* ViewControllers */,
				4E54740D2AC8825400BB0BD6 /* AppDelegate.swift */,
				4E54740F2AC8825400BB0BD6 /* SceneDelegate.swift */,
				4E5474132AC8825400BB0BD6 /* Main.storyboard */,
				4E5474162AC8825700BB0BD6 /* Assets.xcassets */,
				4E5474182AC8825700BB0BD6 /* LaunchScreen.storyboard */,
				4E54741B2AC8825700BB0BD6 /* Info.plist */,
				4E16DD052AE73556004A505A /* ProyectoComanda.xcdatamodeld */,
			);
			path = ProyectoComanda;
			sourceTree = "<group>";
		};
		4E5474232AC8825700BB0BD6 /* ProyectoComandaTests */ = {
			isa = PBXGroup;
			children = (
				4E5474242AC8825700BB0BD6 /* ProyectoComandaTests.swift */,
			);
			path = ProyectoComandaTests;
			sourceTree = "<group>";
		};
		4E54742D2AC8825800BB0BD6 /* ProyectoComandaUITests */ = {
			isa = PBXGroup;
			children = (
				4E54742E2AC8825800BB0BD6 /* ProyectoComandaUITests.swift */,
				4E5474302AC8825800BB0BD6 /* ProyectoComandaUITestsLaunchTests.swift */,
			);
			path = ProyectoComandaUITests;
			sourceTree = "<group>";
		};
		4E54743D2AC887CB00BB0BD6 /* ViewControllers */ = {
			isa = PBXGroup;
			children = (
				9EBFCC8A2B1B0F7900DAD58C /* CajaRegistradora */,
				9E7489512B1A5A4800F3568C /* Facturar */,
				9E7105F52B0DBD6C00FF82DE /* Comanda */,
				4E6953D02AF700A400511B25 /* Empleados */,
				4E5A84432AE9CE27002EE753 /* Mesa */,
				4E5A842E2AE9C9FB002EE753 /* Plato */,
				4E5A842D2AE9C9E7002EE753 /* CategoriaPlato */,
				4E16DD002AE733A8004A505A /* MetodoPago */,
				4E5474112AC8825400BB0BD6 /* ViewController.swift */,
				4E54743E2AC88C5900BB0BD6 /* EstablecimientoViewController.swift */,
				9E6C79822ACD279F002C1E5A /* PrincipalViewController.swift */,
				9E6C79842ACD27EF002C1E5A /* ConfiguracionViewController.swift */,
				4E5465932AE06DDD00492ADC /* FacturarViewController.swift */,
				9EB6C1752AFEE82900AD8A90 /* CambiarContraseñaViewController.swift */,
			);
			path = ViewControllers;
			sourceTree = "<group>";
		};
		4E5A842D2AE9C9E7002EE753 /* CategoriaPlato */ = {
			isa = PBXGroup;
			children = (
				E20493F82ACFA0490085CAA7 /* CategoriaListadoViewController.swift */,
				E20493FA2ACFA06B0085CAA7 /* CategoriaAgregarViewController.swift */,
				E20493FC2ACFA0850085CAA7 /* CategoriaModificarViewController.swift */,
			);
			path = CategoriaPlato;
			sourceTree = "<group>";
		};
		4E5A842E2AE9C9FB002EE753 /* Plato */ = {
			isa = PBXGroup;
			children = (
				E291336F2AE04EDB009E84B9 /* PlatoActualizarViewController.swift */,
				E29133712AE04F13009E84B9 /* PlatoListadoViewController.swift */,
				E29133732AE04F2F009E84B9 /* PlatoAgregarViewController.swift */,
			);
			path = Plato;
			sourceTree = "<group>";
		};
		4E5A84432AE9CE27002EE753 /* Mesa */ = {
			isa = PBXGroup;
			children = (
				E26EEB2D2ACF8742003A69F0 /* MesaListadoViewController.swift */,
				E26EEB2F2ACF876A003A69F0 /* MesaAgregarViewController.swift */,
				E26EEB312ACF8824003A69F0 /* MesaActualizarViewController.swift */,
			);
			path = Mesa;
			sourceTree = "<group>";
		};
		4E6953D02AF700A400511B25 /* Empleados */ = {
			isa = PBXGroup;
			children = (
				DC596E7D2ACE65EF00B2F5DF /* EmpleadoMantenimientoViewController.swift */,
				DC596E7F2ACE6B1300B2F5DF /* EmpleadoDetalleViewControler.swift */,
				4E55C9812AFA7BBD00114487 /* EmpleadoActualizarViewController.swift */,
			);
			path = Empleados;
			sourceTree = "<group>";
		};
		4E6CDCCB2B0050820064D8B1 /* REST */ = {
			isa = PBXGroup;
			children = (
				4E6CDCCC2B0050980064D8B1 /* MesaServiceRest.swift */,
				4E6D7EBC2B0074D00094819D /* EstablecimientoServiceRest.swift */,
			);
			path = REST;
			sourceTree = "<group>";
		};
		4E6DF02C2AE73FD300DE7D52 /* Dtos */ = {
			isa = PBXGroup;
			children = (
				4E6DF02D2AE73FED00DE7D52 /* MetodoPagoDTO.swift */,
				4E5A842F2AE9CA1E002EE753 /* CategoriaPlatoDTO.swift */,
				4E5A84312AE9CA2B002EE753 /* PlatoDTO.swift */,
				4E56C44F2AF5DC4100B414D7 /* EmpleadoDTO.swift */,
				4E56C4512AF5DC4E00B414D7 /* UsuarioDTO.swift */,
				9E9177DE2AFD563C00EC13C3 /* EmpleadoDTOREST.swift */,
				9E684AAA2AFE85CC00E33029 /* PlatoDTOREST.swift */,
				4E6CDCC92B004EAE0064D8B1 /* MesaDTO.swift */,
				4E6D7EBE2B0074F90094819D /* EstablecimientoDTO.swift */,
				9E6E534D2B102CFD004B7590 /* ComandaDTO.swift */,
				9E6E534F2B102DDE004B7590 /* ComprobanteDTO.swift */,
				9E6E53512B102DFF004B7590 /* EstadoComandaDTO.swift */,
				9E6E53532B102F5F004B7590 /* DetalleComandaDTO.swift */,
				4E6C96172B1BB21B00748072 /* ComprobanteDTORest.swift */,
				4E6C96192B1BB2B300748072 /* TipoComprobanteDTO.swift */,
				4E6C961B2B1BB32D00748072 /* CajaDTO.swift */,
				4E6C961D2B1BC07100748072 /* ComandaDTORest.swift */,
			);
			path = Dtos;
			sourceTree = "<group>";
		};
		9E7105F52B0DBD6C00FF82DE /* Comanda */ = {
			isa = PBXGroup;
			children = (
				9E6E53472B1027F1004B7590 /* RegistrarComandaViewController.swift */,
				9E6E53492B10280C004B7590 /* ListarComandaViewController.swift */,
				9E991CA92B11DADC00653923 /* AñadirPlatoViewController.swift */,
				9E76A7DA2B17CD7F005BFCDF /* EditarComandaViewController.swift */,
				9E9903D12B18FB94002879E8 /* CambiarDetallePlatoViewController.swift */,
			);
			path = Comanda;
			sourceTree = "<group>";
		};
		9E7489512B1A5A4800F3568C /* Facturar */ = {
			isa = PBXGroup;
			children = (
				9E7489552B1A5ADB00F3568C /* FacturarComandaViewController.swift */,
			);
			path = Facturar;
			sourceTree = "<group>";
		};
		9EBFCC8A2B1B0F7900DAD58C /* CajaRegistradora */ = {
			isa = PBXGroup;
			children = (
				4E5465912AE06DAD00492ADC /* CajaReporteViewController.swift */,
				9EBFCC8D2B1B170F00DAD58C /* DatosComprobanteViewController.swift */,
			);
			path = CajaRegistradora;
			sourceTree = "<group>";
		};
		B578500B25CAEB5D5DDBBDA8 /* Frameworks */ = {
			isa = PBXGroup;
			children = (
				7021FE36831A8CE0BE18007D /* Pods_ProyectoComanda.framework */,
				B7F71E62D5893383634042FD /* Pods_ProyectoComanda_ProyectoComandaUITests.framework */,
				22B2BF22B606D334B91E6481 /* Pods_ProyectoComandaTests.framework */,
			);
			name = Frameworks;
			sourceTree = "<group>";
		};
/* End PBXGroup section */

/* Begin PBXNativeTarget section */
		4E5474092AC8825400BB0BD6 /* ProyectoComanda */ = {
			isa = PBXNativeTarget;
			buildConfigurationList = 4E5474342AC8825800BB0BD6 /* Build configuration list for PBXNativeTarget "ProyectoComanda" */;
			buildPhases = (
				70E55AEF816404603DBEC274 /* [CP] Check Pods Manifest.lock */,
				4E5474062AC8825400BB0BD6 /* Sources */,
				4E5474072AC8825400BB0BD6 /* Frameworks */,
				4E5474082AC8825400BB0BD6 /* Resources */,
				E3A558CDA6280A0C8562FC1E /* [CP] Embed Pods Frameworks */,
			);
			buildRules = (
			);
			dependencies = (
			);
			name = ProyectoComanda;
			productName = ProyectoComanda;
			productReference = 4E54740A2AC8825400BB0BD6 /* ProyectoComanda.app */;
			productType = "com.apple.product-type.application";
		};
		4E54741F2AC8825700BB0BD6 /* ProyectoComandaTests */ = {
			isa = PBXNativeTarget;
			buildConfigurationList = 4E5474372AC8825800BB0BD6 /* Build configuration list for PBXNativeTarget "ProyectoComandaTests" */;
			buildPhases = (
				6976C8E8655FAB768734E1EC /* [CP] Check Pods Manifest.lock */,
				4E54741C2AC8825700BB0BD6 /* Sources */,
				4E54741D2AC8825700BB0BD6 /* Frameworks */,
				4E54741E2AC8825700BB0BD6 /* Resources */,
			);
			buildRules = (
			);
			dependencies = (
				4E5474222AC8825700BB0BD6 /* PBXTargetDependency */,
			);
			name = ProyectoComandaTests;
			productName = ProyectoComandaTests;
			productReference = 4E5474202AC8825700BB0BD6 /* ProyectoComandaTests.xctest */;
			productType = "com.apple.product-type.bundle.unit-test";
		};
		4E5474292AC8825800BB0BD6 /* ProyectoComandaUITests */ = {
			isa = PBXNativeTarget;
			buildConfigurationList = 4E54743A2AC8825800BB0BD6 /* Build configuration list for PBXNativeTarget "ProyectoComandaUITests" */;
			buildPhases = (
				50DEF0AB365D88E7A3355A7B /* [CP] Check Pods Manifest.lock */,
				4E5474262AC8825800BB0BD6 /* Sources */,
				4E5474272AC8825800BB0BD6 /* Frameworks */,
				4E5474282AC8825800BB0BD6 /* Resources */,
				B803417B82ABF004CE50D78B /* [CP] Embed Pods Frameworks */,
			);
			buildRules = (
			);
			dependencies = (
				4E54742C2AC8825800BB0BD6 /* PBXTargetDependency */,
			);
			name = ProyectoComandaUITests;
			productName = ProyectoComandaUITests;
			productReference = 4E54742A2AC8825800BB0BD6 /* ProyectoComandaUITests.xctest */;
			productType = "com.apple.product-type.bundle.ui-testing";
		};
/* End PBXNativeTarget section */

/* Begin PBXProject section */
		4E5474022AC8825400BB0BD6 /* Project object */ = {
			isa = PBXProject;
			attributes = {
				BuildIndependentTargetsInParallel = 1;
				LastSwiftUpdateCheck = 1340;
				LastUpgradeCheck = 1340;
				TargetAttributes = {
					4E5474092AC8825400BB0BD6 = {
						CreatedOnToolsVersion = 13.4.1;
					};
					4E54741F2AC8825700BB0BD6 = {
						CreatedOnToolsVersion = 13.4.1;
						TestTargetID = 4E5474092AC8825400BB0BD6;
					};
					4E5474292AC8825800BB0BD6 = {
						CreatedOnToolsVersion = 13.4.1;
						TestTargetID = 4E5474092AC8825400BB0BD6;
					};
				};
			};
			buildConfigurationList = 4E5474052AC8825400BB0BD6 /* Build configuration list for PBXProject "ProyectoComanda" */;
			compatibilityVersion = "Xcode 13.0";
			developmentRegion = en;
			hasScannedForEncodings = 0;
			knownRegions = (
				en,
				Base,
			);
			mainGroup = 4E5474012AC8825400BB0BD6;
			productRefGroup = 4E54740B2AC8825400BB0BD6 /* Products */;
			projectDirPath = "";
			projectRoot = "";
			targets = (
				4E5474092AC8825400BB0BD6 /* ProyectoComanda */,
				4E54741F2AC8825700BB0BD6 /* ProyectoComandaTests */,
				4E5474292AC8825800BB0BD6 /* ProyectoComandaUITests */,
			);
		};
/* End PBXProject section */

/* Begin PBXResourcesBuildPhase section */
		4E5474082AC8825400BB0BD6 /* Resources */ = {
			isa = PBXResourcesBuildPhase;
			buildActionMask = 2147483647;
			files = (
				4E54741A2AC8825700BB0BD6 /* LaunchScreen.storyboard in Resources */,
				4E6C96202B1BC68800748072 /* GoogleService-Info.plist in Resources */,
				4E5474172AC8825700BB0BD6 /* Assets.xcassets in Resources */,
				4E5474152AC8825400BB0BD6 /* Main.storyboard in Resources */,
			);
			runOnlyForDeploymentPostprocessing = 0;
		};
		4E54741E2AC8825700BB0BD6 /* Resources */ = {
			isa = PBXResourcesBuildPhase;
			buildActionMask = 2147483647;
			files = (
			);
			runOnlyForDeploymentPostprocessing = 0;
		};
		4E5474282AC8825800BB0BD6 /* Resources */ = {
			isa = PBXResourcesBuildPhase;
			buildActionMask = 2147483647;
			files = (
			);
			runOnlyForDeploymentPostprocessing = 0;
		};
/* End PBXResourcesBuildPhase section */

/* Begin PBXShellScriptBuildPhase section */
		50DEF0AB365D88E7A3355A7B /* [CP] Check Pods Manifest.lock */ = {
			isa = PBXShellScriptBuildPhase;
			buildActionMask = 2147483647;
			files = (
			);
			inputFileListPaths = (
			);
			inputPaths = (
				"${PODS_PODFILE_DIR_PATH}/Podfile.lock",
				"${PODS_ROOT}/Manifest.lock",
			);
			name = "[CP] Check Pods Manifest.lock";
			outputFileListPaths = (
			);
			outputPaths = (
				"$(DERIVED_FILE_DIR)/Pods-ProyectoComanda-ProyectoComandaUITests-checkManifestLockResult.txt",
			);
			runOnlyForDeploymentPostprocessing = 0;
			shellPath = /bin/sh;
			shellScript = "diff \"${PODS_PODFILE_DIR_PATH}/Podfile.lock\" \"${PODS_ROOT}/Manifest.lock\" > /dev/null\nif [ $? != 0 ] ; then\n    # print error to STDERR\n    echo \"error: The sandbox is not in sync with the Podfile.lock. Run 'pod install' or update your CocoaPods installation.\" >&2\n    exit 1\nfi\n# This output is used by Xcode 'outputs' to avoid re-running this script phase.\necho \"SUCCESS\" > \"${SCRIPT_OUTPUT_FILE_0}\"\n";
			showEnvVarsInLog = 0;
		};
		6976C8E8655FAB768734E1EC /* [CP] Check Pods Manifest.lock */ = {
			isa = PBXShellScriptBuildPhase;
			buildActionMask = 2147483647;
			files = (
			);
			inputFileListPaths = (
			);
			inputPaths = (
				"${PODS_PODFILE_DIR_PATH}/Podfile.lock",
				"${PODS_ROOT}/Manifest.lock",
			);
			name = "[CP] Check Pods Manifest.lock";
			outputFileListPaths = (
			);
			outputPaths = (
				"$(DERIVED_FILE_DIR)/Pods-ProyectoComandaTests-checkManifestLockResult.txt",
			);
			runOnlyForDeploymentPostprocessing = 0;
			shellPath = /bin/sh;
			shellScript = "diff \"${PODS_PODFILE_DIR_PATH}/Podfile.lock\" \"${PODS_ROOT}/Manifest.lock\" > /dev/null\nif [ $? != 0 ] ; then\n    # print error to STDERR\n    echo \"error: The sandbox is not in sync with the Podfile.lock. Run 'pod install' or update your CocoaPods installation.\" >&2\n    exit 1\nfi\n# This output is used by Xcode 'outputs' to avoid re-running this script phase.\necho \"SUCCESS\" > \"${SCRIPT_OUTPUT_FILE_0}\"\n";
			showEnvVarsInLog = 0;
		};
		70E55AEF816404603DBEC274 /* [CP] Check Pods Manifest.lock */ = {
			isa = PBXShellScriptBuildPhase;
			buildActionMask = 2147483647;
			files = (
			);
			inputFileListPaths = (
			);
			inputPaths = (
				"${PODS_PODFILE_DIR_PATH}/Podfile.lock",
				"${PODS_ROOT}/Manifest.lock",
			);
			name = "[CP] Check Pods Manifest.lock";
			outputFileListPaths = (
			);
			outputPaths = (
				"$(DERIVED_FILE_DIR)/Pods-ProyectoComanda-checkManifestLockResult.txt",
			);
			runOnlyForDeploymentPostprocessing = 0;
			shellPath = /bin/sh;
			shellScript = "diff \"${PODS_PODFILE_DIR_PATH}/Podfile.lock\" \"${PODS_ROOT}/Manifest.lock\" > /dev/null\nif [ $? != 0 ] ; then\n    # print error to STDERR\n    echo \"error: The sandbox is not in sync with the Podfile.lock. Run 'pod install' or update your CocoaPods installation.\" >&2\n    exit 1\nfi\n# This output is used by Xcode 'outputs' to avoid re-running this script phase.\necho \"SUCCESS\" > \"${SCRIPT_OUTPUT_FILE_0}\"\n";
			showEnvVarsInLog = 0;
		};
		B803417B82ABF004CE50D78B /* [CP] Embed Pods Frameworks */ = {
			isa = PBXShellScriptBuildPhase;
			buildActionMask = 2147483647;
			files = (
			);
			inputFileListPaths = (
				"${PODS_ROOT}/Target Support Files/Pods-ProyectoComanda-ProyectoComandaUITests/Pods-ProyectoComanda-ProyectoComandaUITests-frameworks-${CONFIGURATION}-input-files.xcfilelist",
			);
			name = "[CP] Embed Pods Frameworks";
			outputFileListPaths = (
				"${PODS_ROOT}/Target Support Files/Pods-ProyectoComanda-ProyectoComandaUITests/Pods-ProyectoComanda-ProyectoComandaUITests-frameworks-${CONFIGURATION}-output-files.xcfilelist",
			);
			runOnlyForDeploymentPostprocessing = 0;
			shellPath = /bin/sh;
			shellScript = "\"${PODS_ROOT}/Target Support Files/Pods-ProyectoComanda-ProyectoComandaUITests/Pods-ProyectoComanda-ProyectoComandaUITests-frameworks.sh\"\n";
			showEnvVarsInLog = 0;
		};
		E3A558CDA6280A0C8562FC1E /* [CP] Embed Pods Frameworks */ = {
			isa = PBXShellScriptBuildPhase;
			buildActionMask = 2147483647;
			files = (
			);
			inputFileListPaths = (
				"${PODS_ROOT}/Target Support Files/Pods-ProyectoComanda/Pods-ProyectoComanda-frameworks-${CONFIGURATION}-input-files.xcfilelist",
			);
			name = "[CP] Embed Pods Frameworks";
			outputFileListPaths = (
				"${PODS_ROOT}/Target Support Files/Pods-ProyectoComanda/Pods-ProyectoComanda-frameworks-${CONFIGURATION}-output-files.xcfilelist",
			);
			runOnlyForDeploymentPostprocessing = 0;
			shellPath = /bin/sh;
			shellScript = "\"${PODS_ROOT}/Target Support Files/Pods-ProyectoComanda/Pods-ProyectoComanda-frameworks.sh\"\n";
			showEnvVarsInLog = 0;
		};
/* End PBXShellScriptBuildPhase section */

/* Begin PBXSourcesBuildPhase section */
		4E5474062AC8825400BB0BD6 /* Sources */ = {
			isa = PBXSourcesBuildPhase;
			buildActionMask = 2147483647;
			files = (
				4E5465942AE06DDD00492ADC /* FacturarViewController.swift in Sources */,
				4E6CDCC82B004E470064D8B1 /* MesaService.swift in Sources */,
				4E16DD0F2AE73740004A505A /* MetodoPagoService.swift in Sources */,
				4E5474122AC8825400BB0BD6 /* ViewController.swift in Sources */,
				4E6D7EC12B0078AE0094819D /* CajaService.swift in Sources */,
				4E5A84402AE9CD38002EE753 /* CategoriaPlatoTableViewCell.swift in Sources */,
				4E56C47D2AF5DDE400B414D7 /* Mesa+CoreDataClass.swift in Sources */,
				4E6C960F2B1BB07100748072 /* DetalleComanda+CoreDataProperties.swift in Sources */,
				4E56C4852AF5DDE400B414D7 /* Caja+CoreDataClass.swift in Sources */,
				9E951FD42B14350D00C8C509 /* DetaleComandaService.swift in Sources */,
				4E6C961C2B1BB32D00748072 /* CajaDTO.swift in Sources */,
				9E951FCC2B1426E000C8C509 /* DetalleComandaItem.swift in Sources */,
				9E6E53502B102DDE004B7590 /* ComprobanteDTO.swift in Sources */,
				4E56C47F2AF5DDE400B414D7 /* Comprobante+CoreDataClass.swift in Sources */,
				9E6C79832ACD279F002C1E5A /* PrincipalViewController.swift in Sources */,
				9E6E534A2B10280C004B7590 /* ListarComandaViewController.swift in Sources */,
				4E56C4742AF5DDE400B414D7 /* Empleado+CoreDataProperties.swift in Sources */,
				9E7511982AFCCD4C00B82FEA /* CategoriaServiceRest.swift in Sources */,
				4E56C4722AF5DDE400B414D7 /* MetodoPago+CoreDataProperties.swift in Sources */,
				4E5474412AC88C7100BB0BD6 /* MetodosPagoListadoViewController.swift in Sources */,
				4E56C4712AF5DDE400B414D7 /* MetodoPago+CoreDataClass.swift in Sources */,
				4E16DD072AE73556004A505A /* ProyectoComanda.xcdatamodeld in Sources */,
				4E54743F2AC88C5900BB0BD6 /* EstablecimientoViewController.swift in Sources */,
				9EB6C1762AFEE82900AD8A90 /* CambiarContraseñaViewController.swift in Sources */,
				4E5465922AE06DAD00492ADC /* CajaReporteViewController.swift in Sources */,
				4E56C4732AF5DDE400B414D7 /* Empleado+CoreDataClass.swift in Sources */,
				E26EEB322ACF8824003A69F0 /* MesaActualizarViewController.swift in Sources */,
				9E7511962AFCBD3800B82FEA /* MetodoPagoServiceRest.swift in Sources */,
				E26EEB302ACF876A003A69F0 /* MesaAgregarViewController.swift in Sources */,
				E20493FD2ACFA0850085CAA7 /* CategoriaModificarViewController.swift in Sources */,
				9E76A7DD2B17D2E5005BFCDF /* DetalleComandaEditarTableViewCell.swift in Sources */,
				4E6D7EBF2B0074F90094819D /* EstablecimientoDTO.swift in Sources */,
				4E56C4762AF5DDE400B414D7 /* TipoComprobante+CoreDataProperties.swift in Sources */,
				E20493FB2ACFA06B0085CAA7 /* CategoriaAgregarViewController.swift in Sources */,
				4E56C4842AF5DDE400B414D7 /* Plato+CoreDataProperties.swift in Sources */,
				9E8D961D2B1ADDC2005896D4 /* ComprobanteService.swift in Sources */,
				9E684AAB2AFE85CC00E33029 /* PlatoDTOREST.swift in Sources */,
				4E6C96132B1BB0CD00748072 /* Comanda+CoreDataProperties.swift in Sources */,
				4E56C4522AF5DC4E00B414D7 /* UsuarioDTO.swift in Sources */,
				9E6E53562B103647004B7590 /* ComandaService.swift in Sources */,
				9E6E53522B102DFF004B7590 /* EstadoComandaDTO.swift in Sources */,
				9E9177DB2AFD515100EC13C3 /* EmpleadosServiceRest.swift in Sources */,
				E20493F92ACFA0490085CAA7 /* CategoriaListadoViewController.swift in Sources */,
				9EBFCC8C2B1B0FEC00DAD58C /* CajaRegistradoraTableViewCell.swift in Sources */,
				9E684AAD2AFE865900E33029 /* PlatoServiceRest.swift in Sources */,
				4E16DD042AE733F5004A505A /* MetodoPagoTableViewCell.swift in Sources */,
				4E56C4772AF5DDE400B414D7 /* Usuario+CoreDataClass.swift in Sources */,
				E29133722AE04F13009E84B9 /* PlatoListadoViewController.swift in Sources */,
				4E6CDCCA2B004EAE0064D8B1 /* MesaDTO.swift in Sources */,
				4E6DF02E2AE73FED00DE7D52 /* MetodoPagoDTO.swift in Sources */,
				4E6C96122B1BB0CD00748072 /* Comanda+CoreDataClass.swift in Sources */,
				4E6953C32AF6E85000511B25 /* EstablecimientoService.swift in Sources */,
				E29133702AE04EDB009E84B9 /* PlatoActualizarViewController.swift in Sources */,
				9E6E534C2B102840004B7590 /* ComandaTableViewCell.swift in Sources */,
				4E6953D22AF701A100511B25 /* EmpleadoTableViewCell.swift in Sources */,
				4E6C961E2B1BC07100748072 /* ComandaDTORest.swift in Sources */,
				4E6CDCCD2B0050980064D8B1 /* MesaServiceRest.swift in Sources */,
				4E56C4702AF5DDE400B414D7 /* Cargo+CoreDataProperties.swift in Sources */,
				4E56C46F2AF5DDE400B414D7 /* Cargo+CoreDataClass.swift in Sources */,
				4E56C4822AF5DDE400B414D7 /* EstadoComanda+CoreDataProperties.swift in Sources */,
				4E6953CB2AF6F4F100511B25 /* EmpleadoService.swift in Sources */,
				4E5A84322AE9CA2B002EE753 /* PlatoDTO.swift in Sources */,
				9E991CAA2B11DADC00653923 /* AñadirPlatoViewController.swift in Sources */,
				DC596E7E2ACE65EF00B2F5DF /* EmpleadoMantenimientoViewController.swift in Sources */,
				4E5A843D2AE9CB4D002EE753 /* CategoriaPlato+CoreDataClass.swift in Sources */,
				4E5474432AC88C8600BB0BD6 /* MetodosPagoAgregarViewController.swift in Sources */,
				4E6953CD2AF6F4FF00511B25 /* UsuarioService.swift in Sources */,
				4E54740E2AC8825400BB0BD6 /* AppDelegate.swift in Sources */,
				4E56C4812AF5DDE400B414D7 /* EstadoComanda+CoreDataClass.swift in Sources */,
				4E56C4882AF5DEE100B414D7 /* TipoComprobanteService.swift in Sources */,
				9E7489562B1A5ADB00F3568C /* FacturarComandaViewController.swift in Sources */,
				E29133742AE04F2F009E84B9 /* PlatoAgregarViewController.swift in Sources */,
				4E5A84422AE9CD79002EE753 /* PlatoTableViewCell.swift in Sources */,
				4E6C960E2B1BB07100748072 /* DetalleComanda+CoreDataClass.swift in Sources */,
				E26EEB2E2ACF8743003A69F0 /* MesaListadoViewController.swift in Sources */,
				4E6C96182B1BB21B00748072 /* ComprobanteDTORest.swift in Sources */,
				4E5A843E2AE9CB4D002EE753 /* CategoriaPlato+CoreDataProperties.swift in Sources */,
				9E6C79852ACD27EF002C1E5A /* ConfiguracionViewController.swift in Sources */,
				4E56C4802AF5DDE400B414D7 /* Comprobante+CoreDataProperties.swift in Sources */,
				4E56C47E2AF5DDE400B414D7 /* Mesa+CoreDataProperties.swift in Sources */,
				9E6E53542B102F5F004B7590 /* DetalleComandaDTO.swift in Sources */,
				4E56C4752AF5DDE400B414D7 /* TipoComprobante+CoreDataClass.swift in Sources */,
				4E5A84342AE9CA91002EE753 /* CategoriaService.swift in Sources */,
				9E6E53482B1027F1004B7590 /* RegistrarComandaViewController.swift in Sources */,
				4E56C4782AF5DDE400B414D7 /* Usuario+CoreDataProperties.swift in Sources */,
				4E55C9822AFA7BBD00114487 /* EmpleadoActualizarViewController.swift in Sources */,
				4E6953C72AF6EB9700511B25 /* Establecimiento+CoreDataProperties.swift in Sources */,
				4E5A84302AE9CA1E002EE753 /* CategoriaPlatoDTO.swift in Sources */,
				9EBFCC8E2B1B170F00DAD58C /* DatosComprobanteViewController.swift in Sources */,
				4E6953C62AF6EB9700511B25 /* Establecimiento+CoreDataClass.swift in Sources */,
				4E6C961A2B1BB2B300748072 /* TipoComprobanteDTO.swift in Sources */,
				4E56C4832AF5DDE400B414D7 /* Plato+CoreDataClass.swift in Sources */,
				4E5474452AC88C9B00BB0BD6 /* MetodosPagoActualizarViewController.swift in Sources */,
				4E6D7EBD2B0074D00094819D /* EstablecimientoServiceRest.swift in Sources */,
				9E76A7DB2B17CD7F005BFCDF /* EditarComandaViewController.swift in Sources */,
				4E6953CF2AF6F51F00511B25 /* EstadoComandaService.swift in Sources */,
				4E6953D42AF701B300511B25 /* MesaTableViewCell.swift in Sources */,
				9E9903D22B18FB94002879E8 /* CambiarDetallePlatoViewController.swift in Sources */,
				DC596E802ACE6B1300B2F5DF /* EmpleadoDetalleViewControler.swift in Sources */,
				4E6953C92AF6F4E200511B25 /* CargoService.swift in Sources */,
				4E56C4862AF5DDE400B414D7 /* Caja+CoreDataProperties.swift in Sources */,
				9E9177DF2AFD563C00EC13C3 /* EmpleadoDTOREST.swift in Sources */,
				4E5A84362AE9CAA1002EE753 /* PlatoService.swift in Sources */,
				9E6E534E2B102CFD004B7590 /* ComandaDTO.swift in Sources */,
				4E56C4502AF5DC4100B414D7 /* EmpleadoDTO.swift in Sources */,
				4E5474102AC8825400BB0BD6 /* SceneDelegate.swift in Sources */,
			);
			runOnlyForDeploymentPostprocessing = 0;
		};
		4E54741C2AC8825700BB0BD6 /* Sources */ = {
			isa = PBXSourcesBuildPhase;
			buildActionMask = 2147483647;
			files = (
				4E5474252AC8825700BB0BD6 /* ProyectoComandaTests.swift in Sources */,
			);
			runOnlyForDeploymentPostprocessing = 0;
		};
		4E5474262AC8825800BB0BD6 /* Sources */ = {
			isa = PBXSourcesBuildPhase;
			buildActionMask = 2147483647;
			files = (
				4E54742F2AC8825800BB0BD6 /* ProyectoComandaUITests.swift in Sources */,
				4E5474312AC8825800BB0BD6 /* ProyectoComandaUITestsLaunchTests.swift in Sources */,
			);
			runOnlyForDeploymentPostprocessing = 0;
		};
/* End PBXSourcesBuildPhase section */

/* Begin PBXTargetDependency section */
		4E5474222AC8825700BB0BD6 /* PBXTargetDependency */ = {
			isa = PBXTargetDependency;
			target = 4E5474092AC8825400BB0BD6 /* ProyectoComanda */;
			targetProxy = 4E5474212AC8825700BB0BD6 /* PBXContainerItemProxy */;
		};
		4E54742C2AC8825800BB0BD6 /* PBXTargetDependency */ = {
			isa = PBXTargetDependency;
			target = 4E5474092AC8825400BB0BD6 /* ProyectoComanda */;
			targetProxy = 4E54742B2AC8825800BB0BD6 /* PBXContainerItemProxy */;
		};
/* End PBXTargetDependency section */

/* Begin PBXVariantGroup section */
		4E5474132AC8825400BB0BD6 /* Main.storyboard */ = {
			isa = PBXVariantGroup;
			children = (
				4E5474142AC8825400BB0BD6 /* Base */,
			);
			name = Main.storyboard;
			sourceTree = "<group>";
		};
		4E5474182AC8825700BB0BD6 /* LaunchScreen.storyboard */ = {
			isa = PBXVariantGroup;
			children = (
				4E5474192AC8825700BB0BD6 /* Base */,
			);
			name = LaunchScreen.storyboard;
			sourceTree = "<group>";
		};
/* End PBXVariantGroup section */

/* Begin XCBuildConfiguration section */
		4E5474322AC8825800BB0BD6 /* Debug */ = {
			isa = XCBuildConfiguration;
			buildSettings = {
				ALWAYS_SEARCH_USER_PATHS = NO;
				CLANG_ANALYZER_NONNULL = YES;
				CLANG_ANALYZER_NUMBER_OBJECT_CONVERSION = YES_AGGRESSIVE;
				CLANG_CXX_LANGUAGE_STANDARD = "gnu++17";
				CLANG_ENABLE_MODULES = YES;
				CLANG_ENABLE_OBJC_ARC = YES;
				CLANG_ENABLE_OBJC_WEAK = YES;
				CLANG_WARN_BLOCK_CAPTURE_AUTORELEASING = YES;
				CLANG_WARN_BOOL_CONVERSION = YES;
				CLANG_WARN_COMMA = YES;
				CLANG_WARN_CONSTANT_CONVERSION = YES;
				CLANG_WARN_DEPRECATED_OBJC_IMPLEMENTATIONS = YES;
				CLANG_WARN_DIRECT_OBJC_ISA_USAGE = YES_ERROR;
				CLANG_WARN_DOCUMENTATION_COMMENTS = YES;
				CLANG_WARN_EMPTY_BODY = YES;
				CLANG_WARN_ENUM_CONVERSION = YES;
				CLANG_WARN_INFINITE_RECURSION = YES;
				CLANG_WARN_INT_CONVERSION = YES;
				CLANG_WARN_NON_LITERAL_NULL_CONVERSION = YES;
				CLANG_WARN_OBJC_IMPLICIT_RETAIN_SELF = YES;
				CLANG_WARN_OBJC_LITERAL_CONVERSION = YES;
				CLANG_WARN_OBJC_ROOT_CLASS = YES_ERROR;
				CLANG_WARN_QUOTED_INCLUDE_IN_FRAMEWORK_HEADER = YES;
				CLANG_WARN_RANGE_LOOP_ANALYSIS = YES;
				CLANG_WARN_STRICT_PROTOTYPES = YES;
				CLANG_WARN_SUSPICIOUS_MOVE = YES;
				CLANG_WARN_UNGUARDED_AVAILABILITY = YES_AGGRESSIVE;
				CLANG_WARN_UNREACHABLE_CODE = YES;
				CLANG_WARN__DUPLICATE_METHOD_MATCH = YES;
				COPY_PHASE_STRIP = NO;
				DEBUG_INFORMATION_FORMAT = dwarf;
				ENABLE_STRICT_OBJC_MSGSEND = YES;
				ENABLE_TESTABILITY = YES;
				GCC_C_LANGUAGE_STANDARD = gnu11;
				GCC_DYNAMIC_NO_PIC = NO;
				GCC_NO_COMMON_BLOCKS = YES;
				GCC_OPTIMIZATION_LEVEL = 0;
				GCC_PREPROCESSOR_DEFINITIONS = (
					"DEBUG=1",
					"$(inherited)",
				);
				GCC_WARN_64_TO_32_BIT_CONVERSION = YES;
				GCC_WARN_ABOUT_RETURN_TYPE = YES_ERROR;
				GCC_WARN_UNDECLARED_SELECTOR = YES;
				GCC_WARN_UNINITIALIZED_AUTOS = YES_AGGRESSIVE;
				GCC_WARN_UNUSED_FUNCTION = YES;
				GCC_WARN_UNUSED_VARIABLE = YES;
				IPHONEOS_DEPLOYMENT_TARGET = 15.5;
				MTL_ENABLE_DEBUG_INFO = INCLUDE_SOURCE;
				MTL_FAST_MATH = YES;
				ONLY_ACTIVE_ARCH = YES;
				SDKROOT = iphoneos;
				SWIFT_ACTIVE_COMPILATION_CONDITIONS = DEBUG;
				SWIFT_OPTIMIZATION_LEVEL = "-Onone";
			};
			name = Debug;
		};
		4E5474332AC8825800BB0BD6 /* Release */ = {
			isa = XCBuildConfiguration;
			buildSettings = {
				ALWAYS_SEARCH_USER_PATHS = NO;
				CLANG_ANALYZER_NONNULL = YES;
				CLANG_ANALYZER_NUMBER_OBJECT_CONVERSION = YES_AGGRESSIVE;
				CLANG_CXX_LANGUAGE_STANDARD = "gnu++17";
				CLANG_ENABLE_MODULES = YES;
				CLANG_ENABLE_OBJC_ARC = YES;
				CLANG_ENABLE_OBJC_WEAK = YES;
				CLANG_WARN_BLOCK_CAPTURE_AUTORELEASING = YES;
				CLANG_WARN_BOOL_CONVERSION = YES;
				CLANG_WARN_COMMA = YES;
				CLANG_WARN_CONSTANT_CONVERSION = YES;
				CLANG_WARN_DEPRECATED_OBJC_IMPLEMENTATIONS = YES;
				CLANG_WARN_DIRECT_OBJC_ISA_USAGE = YES_ERROR;
				CLANG_WARN_DOCUMENTATION_COMMENTS = YES;
				CLANG_WARN_EMPTY_BODY = YES;
				CLANG_WARN_ENUM_CONVERSION = YES;
				CLANG_WARN_INFINITE_RECURSION = YES;
				CLANG_WARN_INT_CONVERSION = YES;
				CLANG_WARN_NON_LITERAL_NULL_CONVERSION = YES;
				CLANG_WARN_OBJC_IMPLICIT_RETAIN_SELF = YES;
				CLANG_WARN_OBJC_LITERAL_CONVERSION = YES;
				CLANG_WARN_OBJC_ROOT_CLASS = YES_ERROR;
				CLANG_WARN_QUOTED_INCLUDE_IN_FRAMEWORK_HEADER = YES;
				CLANG_WARN_RANGE_LOOP_ANALYSIS = YES;
				CLANG_WARN_STRICT_PROTOTYPES = YES;
				CLANG_WARN_SUSPICIOUS_MOVE = YES;
				CLANG_WARN_UNGUARDED_AVAILABILITY = YES_AGGRESSIVE;
				CLANG_WARN_UNREACHABLE_CODE = YES;
				CLANG_WARN__DUPLICATE_METHOD_MATCH = YES;
				COPY_PHASE_STRIP = NO;
				DEBUG_INFORMATION_FORMAT = "dwarf-with-dsym";
				ENABLE_NS_ASSERTIONS = NO;
				ENABLE_STRICT_OBJC_MSGSEND = YES;
				GCC_C_LANGUAGE_STANDARD = gnu11;
				GCC_NO_COMMON_BLOCKS = YES;
				GCC_WARN_64_TO_32_BIT_CONVERSION = YES;
				GCC_WARN_ABOUT_RETURN_TYPE = YES_ERROR;
				GCC_WARN_UNDECLARED_SELECTOR = YES;
				GCC_WARN_UNINITIALIZED_AUTOS = YES_AGGRESSIVE;
				GCC_WARN_UNUSED_FUNCTION = YES;
				GCC_WARN_UNUSED_VARIABLE = YES;
				IPHONEOS_DEPLOYMENT_TARGET = 15.5;
				MTL_ENABLE_DEBUG_INFO = NO;
				MTL_FAST_MATH = YES;
				SDKROOT = iphoneos;
				SWIFT_COMPILATION_MODE = wholemodule;
				SWIFT_OPTIMIZATION_LEVEL = "-O";
				VALIDATE_PRODUCT = YES;
			};
			name = Release;
		};
		4E5474352AC8825800BB0BD6 /* Debug */ = {
			isa = XCBuildConfiguration;
			baseConfigurationReference = EDEECE87FCF3B9FA4BFFDCEE /* Pods-ProyectoComanda.debug.xcconfig */;
			buildSettings = {
				ASSETCATALOG_COMPILER_APPICON_NAME = AppIcon;
				ASSETCATALOG_COMPILER_GLOBAL_ACCENT_COLOR_NAME = AccentColor;
				CODE_SIGN_STYLE = Automatic;
				CURRENT_PROJECT_VERSION = 1;
				GENERATE_INFOPLIST_FILE = YES;
				INFOPLIST_FILE = ProyectoComanda/Info.plist;
				INFOPLIST_KEY_UIApplicationSupportsIndirectInputEvents = YES;
				INFOPLIST_KEY_UILaunchStoryboardName = LaunchScreen;
				INFOPLIST_KEY_UIMainStoryboardFile = Main;
				INFOPLIST_KEY_UISupportedInterfaceOrientations_iPad = "UIInterfaceOrientationPortrait UIInterfaceOrientationPortraitUpsideDown UIInterfaceOrientationLandscapeLeft UIInterfaceOrientationLandscapeRight";
				INFOPLIST_KEY_UISupportedInterfaceOrientations_iPhone = "UIInterfaceOrientationPortrait UIInterfaceOrientationLandscapeLeft UIInterfaceOrientationLandscapeRight";
				LD_RUNPATH_SEARCH_PATHS = (
					"$(inherited)",
					"@executable_path/Frameworks",
				);
				MARKETING_VERSION = 1.0;
				PRODUCT_BUNDLE_IDENTIFIER = Proyecto.ProyectoComanda;
				PRODUCT_NAME = "$(TARGET_NAME)";
				SWIFT_EMIT_LOC_STRINGS = YES;
				SWIFT_VERSION = 5.0;
				TARGETED_DEVICE_FAMILY = "1,2";
			};
			name = Debug;
		};
		4E5474362AC8825800BB0BD6 /* Release */ = {
			isa = XCBuildConfiguration;
			baseConfigurationReference = A8791B1E27FA802326D7D149 /* Pods-ProyectoComanda.release.xcconfig */;
			buildSettings = {
				ASSETCATALOG_COMPILER_APPICON_NAME = AppIcon;
				ASSETCATALOG_COMPILER_GLOBAL_ACCENT_COLOR_NAME = AccentColor;
				CODE_SIGN_STYLE = Automatic;
				CURRENT_PROJECT_VERSION = 1;
				GENERATE_INFOPLIST_FILE = YES;
				INFOPLIST_FILE = ProyectoComanda/Info.plist;
				INFOPLIST_KEY_UIApplicationSupportsIndirectInputEvents = YES;
				INFOPLIST_KEY_UILaunchStoryboardName = LaunchScreen;
				INFOPLIST_KEY_UIMainStoryboardFile = Main;
				INFOPLIST_KEY_UISupportedInterfaceOrientations_iPad = "UIInterfaceOrientationPortrait UIInterfaceOrientationPortraitUpsideDown UIInterfaceOrientationLandscapeLeft UIInterfaceOrientationLandscapeRight";
				INFOPLIST_KEY_UISupportedInterfaceOrientations_iPhone = "UIInterfaceOrientationPortrait UIInterfaceOrientationLandscapeLeft UIInterfaceOrientationLandscapeRight";
				LD_RUNPATH_SEARCH_PATHS = (
					"$(inherited)",
					"@executable_path/Frameworks",
				);
				MARKETING_VERSION = 1.0;
				PRODUCT_BUNDLE_IDENTIFIER = Proyecto.ProyectoComanda;
				PRODUCT_NAME = "$(TARGET_NAME)";
				SWIFT_EMIT_LOC_STRINGS = YES;
				SWIFT_VERSION = 5.0;
				TARGETED_DEVICE_FAMILY = "1,2";
			};
			name = Release;
		};
		4E5474382AC8825800BB0BD6 /* Debug */ = {
			isa = XCBuildConfiguration;
			baseConfigurationReference = 8B961AD92940524FDD9888DE /* Pods-ProyectoComandaTests.debug.xcconfig */;
			buildSettings = {
				ALWAYS_EMBED_SWIFT_STANDARD_LIBRARIES = YES;
				BUNDLE_LOADER = "$(TEST_HOST)";
				CODE_SIGN_STYLE = Automatic;
				CURRENT_PROJECT_VERSION = 1;
				GENERATE_INFOPLIST_FILE = YES;
				IPHONEOS_DEPLOYMENT_TARGET = 15.5;
				MARKETING_VERSION = 1.0;
				PRODUCT_BUNDLE_IDENTIFIER = Proyecto.ProyectoComandaTests;
				PRODUCT_NAME = "$(TARGET_NAME)";
				SWIFT_EMIT_LOC_STRINGS = NO;
				SWIFT_VERSION = 5.0;
				TARGETED_DEVICE_FAMILY = "1,2";
				TEST_HOST = "$(BUILT_PRODUCTS_DIR)/ProyectoComanda.app/ProyectoComanda";
			};
			name = Debug;
		};
		4E5474392AC8825800BB0BD6 /* Release */ = {
			isa = XCBuildConfiguration;
			baseConfigurationReference = FC3762EFD0895944AC4AD956 /* Pods-ProyectoComandaTests.release.xcconfig */;
			buildSettings = {
				ALWAYS_EMBED_SWIFT_STANDARD_LIBRARIES = YES;
				BUNDLE_LOADER = "$(TEST_HOST)";
				CODE_SIGN_STYLE = Automatic;
				CURRENT_PROJECT_VERSION = 1;
				GENERATE_INFOPLIST_FILE = YES;
				IPHONEOS_DEPLOYMENT_TARGET = 15.5;
				MARKETING_VERSION = 1.0;
				PRODUCT_BUNDLE_IDENTIFIER = Proyecto.ProyectoComandaTests;
				PRODUCT_NAME = "$(TARGET_NAME)";
				SWIFT_EMIT_LOC_STRINGS = NO;
				SWIFT_VERSION = 5.0;
				TARGETED_DEVICE_FAMILY = "1,2";
				TEST_HOST = "$(BUILT_PRODUCTS_DIR)/ProyectoComanda.app/ProyectoComanda";
			};
			name = Release;
		};
		4E54743B2AC8825800BB0BD6 /* Debug */ = {
			isa = XCBuildConfiguration;
			baseConfigurationReference = C3AB82E397EE04E0119EED18 /* Pods-ProyectoComanda-ProyectoComandaUITests.debug.xcconfig */;
			buildSettings = {
				ALWAYS_EMBED_SWIFT_STANDARD_LIBRARIES = YES;
				CODE_SIGN_STYLE = Automatic;
				CURRENT_PROJECT_VERSION = 1;
				GENERATE_INFOPLIST_FILE = YES;
				MARKETING_VERSION = 1.0;
				PRODUCT_BUNDLE_IDENTIFIER = Proyecto.ProyectoComandaUITests;
				PRODUCT_NAME = "$(TARGET_NAME)";
				SWIFT_EMIT_LOC_STRINGS = NO;
				SWIFT_VERSION = 5.0;
				TARGETED_DEVICE_FAMILY = "1,2";
				TEST_TARGET_NAME = ProyectoComanda;
			};
			name = Debug;
		};
		4E54743C2AC8825800BB0BD6 /* Release */ = {
			isa = XCBuildConfiguration;
			baseConfigurationReference = E7581649477592DD76292F06 /* Pods-ProyectoComanda-ProyectoComandaUITests.release.xcconfig */;
			buildSettings = {
				ALWAYS_EMBED_SWIFT_STANDARD_LIBRARIES = YES;
				CODE_SIGN_STYLE = Automatic;
				CURRENT_PROJECT_VERSION = 1;
				GENERATE_INFOPLIST_FILE = YES;
				MARKETING_VERSION = 1.0;
				PRODUCT_BUNDLE_IDENTIFIER = Proyecto.ProyectoComandaUITests;
				PRODUCT_NAME = "$(TARGET_NAME)";
				SWIFT_EMIT_LOC_STRINGS = NO;
				SWIFT_VERSION = 5.0;
				TARGETED_DEVICE_FAMILY = "1,2";
				TEST_TARGET_NAME = ProyectoComanda;
			};
			name = Release;
		};
/* End XCBuildConfiguration section */

/* Begin XCConfigurationList section */
		4E5474052AC8825400BB0BD6 /* Build configuration list for PBXProject "ProyectoComanda" */ = {
			isa = XCConfigurationList;
			buildConfigurations = (
				4E5474322AC8825800BB0BD6 /* Debug */,
				4E5474332AC8825800BB0BD6 /* Release */,
			);
			defaultConfigurationIsVisible = 0;
			defaultConfigurationName = Release;
		};
		4E5474342AC8825800BB0BD6 /* Build configuration list for PBXNativeTarget "ProyectoComanda" */ = {
			isa = XCConfigurationList;
			buildConfigurations = (
				4E5474352AC8825800BB0BD6 /* Debug */,
				4E5474362AC8825800BB0BD6 /* Release */,
			);
			defaultConfigurationIsVisible = 0;
			defaultConfigurationName = Release;
		};
		4E5474372AC8825800BB0BD6 /* Build configuration list for PBXNativeTarget "ProyectoComandaTests" */ = {
			isa = XCConfigurationList;
			buildConfigurations = (
				4E5474382AC8825800BB0BD6 /* Debug */,
				4E5474392AC8825800BB0BD6 /* Release */,
			);
			defaultConfigurationIsVisible = 0;
			defaultConfigurationName = Release;
		};
		4E54743A2AC8825800BB0BD6 /* Build configuration list for PBXNativeTarget "ProyectoComandaUITests" */ = {
			isa = XCConfigurationList;
			buildConfigurations = (
				4E54743B2AC8825800BB0BD6 /* Debug */,
				4E54743C2AC8825800BB0BD6 /* Release */,
			);
			defaultConfigurationIsVisible = 0;
			defaultConfigurationName = Release;
		};
/* End XCConfigurationList section */

/* Begin XCVersionGroup section */
		4E16DD052AE73556004A505A /* ProyectoComanda.xcdatamodeld */ = {
			isa = XCVersionGroup;
			children = (
				4E16DD062AE73556004A505A /* ProyectoComanda.xcdatamodel */,
			);
			currentVersion = 4E16DD062AE73556004A505A /* ProyectoComanda.xcdatamodel */;
			path = ProyectoComanda.xcdatamodeld;
			sourceTree = "<group>";
			versionGroupType = wrapper.xcdatamodel;
		};
/* End XCVersionGroup section */
	};
	rootObject = 4E5474022AC8825400BB0BD6 /* Project object */;
}
